// !$*UTF8*$!
{
	archiveVersion = 1;
	classes = {
	};
	objectVersion = 77;
	objects = {

/* Begin PBXBuildFile section */
		360B2DB42E9634AA00DEDF86 /* SearchFriendHeaderView.swift in Sources */ = {isa = PBXBuildFile; fileRef = 360B2DB32E9634A100DEDF86 /* SearchFriendHeaderView.swift */; };
		360B2DB72E9635E800DEDF86 /* SearchFriendHeaderView.xib in Resources */ = {isa = PBXBuildFile; fileRef = 360B2DB62E9635E800DEDF86 /* SearchFriendHeaderView.xib */; };
		360B2E8E2E9645FF00DEDF86 /* InviteFriendsView.swift in Sources */ = {isa = PBXBuildFile; fileRef = 360B2E8D2E9645ED00DEDF86 /* InviteFriendsView.swift */; };
		3D2A14A62E90EF9F00A94CB2 /* Main.storyboard in Resources */ = {isa = PBXBuildFile; fileRef = 3D2A14A12E90EF9F00A94CB2 /* Main.storyboard */; };
		3D2A14A72E90EF9F00A94CB2 /* LaunchScreen.storyboard in Resources */ = {isa = PBXBuildFile; fileRef = 3D2A149F2E90EF9F00A94CB2 /* LaunchScreen.storyboard */; };
		3D2A14A82E90EF9F00A94CB2 /* Assets.xcassets in Resources */ = {isa = PBXBuildFile; fileRef = 3D2A149C2E90EF9F00A94CB2 /* Assets.xcassets */; };
		3D2A14AA2E90EF9F00A94CB2 /* SceneDelegate.swift in Sources */ = {isa = PBXBuildFile; fileRef = 3D2A14A22E90EF9F00A94CB2 /* SceneDelegate.swift */; };
		3D2A14AC2E90EF9F00A94CB2 /* AppDelegate.swift in Sources */ = {isa = PBXBuildFile; fileRef = 3D2A149B2E90EF9F00A94CB2 /* AppDelegate.swift */; };
		3D2A14B92E90EFC500A94CB2 /* APIURL.swift in Sources */ = {isa = PBXBuildFile; fileRef = 3D2A14B62E90EFC500A94CB2 /* APIURL.swift */; };
		3D2A14BB2E90EFC500A94CB2 /* APIService.swift in Sources */ = {isa = PBXBuildFile; fileRef = 3D2A14B52E90EFC500A94CB2 /* APIService.swift */; };
		3D2A14BC2E90EFC500A94CB2 /* Endpoint.swift in Sources */ = {isa = PBXBuildFile; fileRef = 3D2A14B72E90EFC500A94CB2 /* Endpoint.swift */; };
		3D2A14C22E90F01300A94CB2 /* APIError.swift in Sources */ = {isa = PBXBuildFile; fileRef = 3D2A14BF2E90F01300A94CB2 /* APIError.swift */; };
		3D2A14C32E90F01300A94CB2 /* DomainError.swift in Sources */ = {isa = PBXBuildFile; fileRef = 3D2A14C02E90F01300A94CB2 /* DomainError.swift */; };
		3D2A14D62E90F6DA00A94CB2 /* UserRepository.swift in Sources */ = {isa = PBXBuildFile; fileRef = 3D2A14D22E90F6DA00A94CB2 /* UserRepository.swift */; };
		3D2A14D72E90F6DA00A94CB2 /* GetUserUseCase.swift in Sources */ = {isa = PBXBuildFile; fileRef = 3D2A14D32E90F6DA00A94CB2 /* GetUserUseCase.swift */; };
		3D2A14DA2E90F72200A94CB2 /* UserDTO.swift in Sources */ = {isa = PBXBuildFile; fileRef = 3D2A14D92E90F71F00A94CB2 /* UserDTO.swift */; };
		3D2A14DC2E90F77C00A94CB2 /* UserRepositoryImpl.swift in Sources */ = {isa = PBXBuildFile; fileRef = 3D2A14DB2E90F77800A94CB2 /* UserRepositoryImpl.swift */; };
		3D2A14DF2E90F80100A94CB2 /* UserMapper.swift in Sources */ = {isa = PBXBuildFile; fileRef = 3D2A14DE2E90F7FD00A94CB2 /* UserMapper.swift */; };
		3D2A14E12E90F82100A94CB2 /* UserModel.swift in Sources */ = {isa = PBXBuildFile; fileRef = 3D2A14E02E90F82000A94CB2 /* UserModel.swift */; };
		3D2A14E32E90F9A300A94CB2 /* UserEndPoints.swift in Sources */ = {isa = PBXBuildFile; fileRef = 3D2A14E22E90F99C00A94CB2 /* UserEndPoints.swift */; };
		3D2A14E72E90FF1F00A94CB2 /* UserUseCaseTests.swift in Sources */ = {isa = PBXBuildFile; fileRef = 3D2A14E52E90FA4100A94CB2 /* UserUseCaseTests.swift */; };
		3D2A14E82E90FF2300A94CB2 /* UserMapperTests.swift in Sources */ = {isa = PBXBuildFile; fileRef = 3D2A14E62E90FED100A94CB2 /* UserMapperTests.swift */; };
		3D2A14ED2E91037100A94CB2 /* UserRepoTests.swift in Sources */ = {isa = PBXBuildFile; fileRef = 3D2A14EC2E91036900A94CB2 /* UserRepoTests.swift */; };
		3D2A14EF2E910B3A00A94CB2 /* FriendDTO.swift in Sources */ = {isa = PBXBuildFile; fileRef = 3D2A14EE2E910B3100A94CB2 /* FriendDTO.swift */; };
		3D2A14F12E910B6300A94CB2 /* FriendModel.swift in Sources */ = {isa = PBXBuildFile; fileRef = 3D2A14F02E910B5E00A94CB2 /* FriendModel.swift */; };
		3D2A14F42E910C0000A94CB2 /* FriendEndPoints.swift in Sources */ = {isa = PBXBuildFile; fileRef = 3D2A14F32E910BFF00A94CB2 /* FriendEndPoints.swift */; };
		3D2A14F82E91140900A94CB2 /* FriendRepository.swift in Sources */ = {isa = PBXBuildFile; fileRef = 3D2A14F72E9113F600A94CB2 /* FriendRepository.swift */; };
		3D2A14FA2E91142E00A94CB2 /* FriendMapper.swift in Sources */ = {isa = PBXBuildFile; fileRef = 3D2A14F92E91142400A94CB2 /* FriendMapper.swift */; };
		3D2A14FD2E91144200A94CB2 /* FriendRepositoryImpl.swift in Sources */ = {isa = PBXBuildFile; fileRef = 3D2A14FC2E91143D00A94CB2 /* FriendRepositoryImpl.swift */; };
		3D2A15462E9116BA00A94CB2 /* GetFriendListUseCase.swift in Sources */ = {isa = PBXBuildFile; fileRef = 3D2A15452E9116AA00A94CB2 /* GetFriendListUseCase.swift */; };
		3D2A154A2E9117D200A94CB2 /* GetFriendListAndInviteUseCase.swift in Sources */ = {isa = PBXBuildFile; fileRef = 3D2A15492E9117D200A94CB2 /* GetFriendListAndInviteUseCase.swift */; };
		3D2A154C2E91184900A94CB2 /* GetFriendListEmptyUseCase.swift in Sources */ = {isa = PBXBuildFile; fileRef = 3D2A154B2E91184900A94CB2 /* GetFriendListEmptyUseCase.swift */; };
		3D41A18B2E911A810027135B /* FriendListUseCaseTests.swift in Sources */ = {isa = PBXBuildFile; fileRef = 3D41A18A2E911A810027135B /* FriendListUseCaseTests.swift */; };
		3D41A18E2E911DC50027135B /* String.swift in Sources */ = {isa = PBXBuildFile; fileRef = 3D41A18D2E911DBE0027135B /* String.swift */; };
		3D41A1932E9129330027135B /* MockAPIService.swift in Sources */ = {isa = PBXBuildFile; fileRef = 3D41A1922E91292F0027135B /* MockAPIService.swift */; };
		3D41A1952E9141EF0027135B /* FriendMapperTests.swift in Sources */ = {isa = PBXBuildFile; fileRef = 3D41A1942E9141E00027135B /* FriendMapperTests.swift */; };
		3D41A1962E9144C10027135B /* FriendListRepoTests.swift in Sources */ = {isa = PBXBuildFile; fileRef = 3D41A18F2E91259E0027135B /* FriendListRepoTests.swift */; };
		3D41A1982E914A2A0027135B /* FriendListViewModelTests.swift in Sources */ = {isa = PBXBuildFile; fileRef = 3D41A1972E914A1D0027135B /* FriendListViewModelTests.swift */; };
		3D41A19A2E914A630027135B /* FriendListViewModel.swift in Sources */ = {isa = PBXBuildFile; fileRef = 3D41A1992E914A620027135B /* FriendListViewModel.swift */; };
		3DEC71D52E9169A1009ED399 /* DIContainer.swift in Sources */ = {isa = PBXBuildFile; fileRef = 3DEC71D42E916998009ED399 /* DIContainer.swift */; };
		3DEC71D72E916F6F009ED399 /* GetFriendListProtocol.swift in Sources */ = {isa = PBXBuildFile; fileRef = 3DEC71D62E916F62009ED399 /* GetFriendListProtocol.swift */; };
		3DEC71DA2E940CE2009ED399 /* TableViewAdapter.swift in Sources */ = {isa = PBXBuildFile; fileRef = 3DEC71D82E940CE2009ED399 /* TableViewAdapter.swift */; };
		3DEC71DC2E940D3B009ED399 /* FriendListViewController.swift in Sources */ = {isa = PBXBuildFile; fileRef = 3DEC71DB2E940D33009ED399 /* FriendListViewController.swift */; };
		3DEC71DF2E941040009ED399 /* TopUserInfoView.swift in Sources */ = {isa = PBXBuildFile; fileRef = 3DEC71DE2E94102D009ED399 /* TopUserInfoView.swift */; };
		3DEC71E82E9411F6009ED399 /* EnterViewController.swift in Sources */ = {isa = PBXBuildFile; fileRef = 3DEC71E72E9411EF009ED399 /* EnterViewController.swift */; };
		3DEC71EC2E94120C009ED399 /* HomeViewController.swift in Sources */ = {isa = PBXBuildFile; fileRef = 3DEC71EA2E94120C009ED399 /* HomeViewController.swift */; };
		3DEC71F32E9414B5009ED399 /* SimpleButton.swift in Sources */ = {isa = PBXBuildFile; fileRef = 3DEC71ED2E9414B5009ED399 /* SimpleButton.swift */; };
		3DEC71F62E9415D1009ED399 /* TabBarItem.swift in Sources */ = {isa = PBXBuildFile; fileRef = 3DEC71F52E9415BF009ED399 /* TabBarItem.swift */; };
		3DEC71F82E94163D009ED399 /* HomeViewModel.swift in Sources */ = {isa = PBXBuildFile; fileRef = 3DEC71F72E941635009ED399 /* HomeViewModel.swift */; };
		3DEC71FB2E94170C009ED399 /* TabView.swift in Sources */ = {isa = PBXBuildFile; fileRef = 3DEC71FA2E941706009ED399 /* TabView.swift */; };
		3DEC72032E94B458009ED399 /* color.xcassets in Resources */ = {isa = PBXBuildFile; fileRef = 3DEC72022E94B458009ED399 /* color.xcassets */; };
		3DEC72052E94BBD6009ED399 /* UIView.swift in Sources */ = {isa = PBXBuildFile; fileRef = 3DEC72042E94BBD1009ED399 /* UIView.swift */; };
		3DEC72072E94CFF5009ED399 /* FunctionSwitcher.swift in Sources */ = {isa = PBXBuildFile; fileRef = 3DEC72062E94CFE8009ED399 /* FunctionSwitcher.swift */; };
		3DEC72092E94D08A009ED399 /* FriendListPageType.swift in Sources */ = {isa = PBXBuildFile; fileRef = 3DEC72082E94D089009ED399 /* FriendListPageType.swift */; };
		3DEC720B2E94D0A6009ED399 /* FriendListTab.swift in Sources */ = {isa = PBXBuildFile; fileRef = 3DEC720A2E94D094009ED399 /* FriendListTab.swift */; };
		3DEC720D2E94D548009ED399 /* TabButton.swift in Sources */ = {isa = PBXBuildFile; fileRef = 3DEC720C2E94D548009ED399 /* TabButton.swift */; };
		3DEC720F2E94E6B4009ED399 /* UIStackView.swift in Sources */ = {isa = PBXBuildFile; fileRef = 3DEC720E2E94E6B0009ED399 /* UIStackView.swift */; };
		3DEC72112E94FCB5009ED399 /* UIButton.swift in Sources */ = {isa = PBXBuildFile; fileRef = 3DEC72102E94FCAF009ED399 /* UIButton.swift */; };
		3DEC72132E94FD82009ED399 /* EmptyDataCell.swift in Sources */ = {isa = PBXBuildFile; fileRef = 3DEC72122E94FD79009ED399 /* EmptyDataCell.swift */; };
		3DEC72162E94FE8F009ED399 /* EmptyDataCell.xib in Resources */ = {isa = PBXBuildFile; fileRef = 3DEC72152E94FE8F009ED399 /* EmptyDataCell.xib */; };
		3DEC72192E9518D8009ED399 /* NSMutableAttributedString.swift in Sources */ = {isa = PBXBuildFile; fileRef = 3DEC72182E9518D8009ED399 /* NSMutableAttributedString.swift */; };
		3DEC721B2E951955009ED399 /* Array.swift in Sources */ = {isa = PBXBuildFile; fileRef = 3DEC721A2E951953009ED399 /* Array.swift */; };
		3DEC721F2E952078009ED399 /* GetBadgeUseCase.swift in Sources */ = {isa = PBXBuildFile; fileRef = 3DEC721E2E952076009ED399 /* GetBadgeUseCase.swift */; };
		3DEC72212E957B6D009ED399 /* FriendCell.swift in Sources */ = {isa = PBXBuildFile; fileRef = 3DEC72202E957B66009ED399 /* FriendCell.swift */; };
		3DEC72232E957F31009ED399 /* FriendCell.xib in Resources */ = {isa = PBXBuildFile; fileRef = 3DEC72222E957F31009ED399 /* FriendCell.xib */; };
/* End PBXBuildFile section */

/* Begin PBXContainerItemProxy section */
		3D4D4C662E90EE7500121DC6 /* PBXContainerItemProxy */ = {
			isa = PBXContainerItemProxy;
			containerPortal = 3D4D4C472E90EE7300121DC6 /* Project object */;
			proxyType = 1;
			remoteGlobalIDString = 3D4D4C4E2E90EE7300121DC6;
			remoteInfo = KoKoFriendList;
		};
		3D4D4C702E90EE7500121DC6 /* PBXContainerItemProxy */ = {
			isa = PBXContainerItemProxy;
			containerPortal = 3D4D4C472E90EE7300121DC6 /* Project object */;
			proxyType = 1;
			remoteGlobalIDString = 3D4D4C4E2E90EE7300121DC6;
			remoteInfo = KoKoFriendList;
		};
/* End PBXContainerItemProxy section */

/* Begin PBXFileReference section */
		360B2DB32E9634A100DEDF86 /* SearchFriendHeaderView.swift */ = {isa = PBXFileReference; lastKnownFileType = sourcecode.swift; path = SearchFriendHeaderView.swift; sourceTree = "<group>"; };
		360B2DB62E9635E800DEDF86 /* SearchFriendHeaderView.xib */ = {isa = PBXFileReference; lastKnownFileType = file.xib; path = SearchFriendHeaderView.xib; sourceTree = "<group>"; };
		360B2E8D2E9645ED00DEDF86 /* InviteFriendsView.swift */ = {isa = PBXFileReference; lastKnownFileType = sourcecode.swift; path = InviteFriendsView.swift; sourceTree = "<group>"; };
		3D2A149B2E90EF9F00A94CB2 /* AppDelegate.swift */ = {isa = PBXFileReference; lastKnownFileType = sourcecode.swift; path = AppDelegate.swift; sourceTree = "<group>"; };
		3D2A149C2E90EF9F00A94CB2 /* Assets.xcassets */ = {isa = PBXFileReference; lastKnownFileType = folder.assetcatalog; path = Assets.xcassets; sourceTree = "<group>"; };
		3D2A149E2E90EF9F00A94CB2 /* Base */ = {isa = PBXFileReference; lastKnownFileType = file.storyboard; name = Base; path = Base.lproj/LaunchScreen.storyboard; sourceTree = "<group>"; };
		3D2A14A02E90EF9F00A94CB2 /* Base */ = {isa = PBXFileReference; lastKnownFileType = file.storyboard; name = Base; path = Base.lproj/Main.storyboard; sourceTree = "<group>"; };
		3D2A14A22E90EF9F00A94CB2 /* SceneDelegate.swift */ = {isa = PBXFileReference; lastKnownFileType = sourcecode.swift; path = SceneDelegate.swift; sourceTree = "<group>"; };
		3D2A14B52E90EFC500A94CB2 /* APIService.swift */ = {isa = PBXFileReference; lastKnownFileType = sourcecode.swift; path = APIService.swift; sourceTree = "<group>"; };
		3D2A14B62E90EFC500A94CB2 /* APIURL.swift */ = {isa = PBXFileReference; lastKnownFileType = sourcecode.swift; path = APIURL.swift; sourceTree = "<group>"; };
		3D2A14B72E90EFC500A94CB2 /* Endpoint.swift */ = {isa = PBXFileReference; lastKnownFileType = sourcecode.swift; path = Endpoint.swift; sourceTree = "<group>"; };
		3D2A14BF2E90F01300A94CB2 /* APIError.swift */ = {isa = PBXFileReference; lastKnownFileType = sourcecode.swift; path = APIError.swift; sourceTree = "<group>"; };
		3D2A14C02E90F01300A94CB2 /* DomainError.swift */ = {isa = PBXFileReference; lastKnownFileType = sourcecode.swift; path = DomainError.swift; sourceTree = "<group>"; };
		3D2A14D22E90F6DA00A94CB2 /* UserRepository.swift */ = {isa = PBXFileReference; lastKnownFileType = sourcecode.swift; path = UserRepository.swift; sourceTree = "<group>"; };
		3D2A14D32E90F6DA00A94CB2 /* GetUserUseCase.swift */ = {isa = PBXFileReference; lastKnownFileType = sourcecode.swift; path = GetUserUseCase.swift; sourceTree = "<group>"; };
		3D2A14D92E90F71F00A94CB2 /* UserDTO.swift */ = {isa = PBXFileReference; lastKnownFileType = sourcecode.swift; path = UserDTO.swift; sourceTree = "<group>"; };
		3D2A14DB2E90F77800A94CB2 /* UserRepositoryImpl.swift */ = {isa = PBXFileReference; lastKnownFileType = sourcecode.swift; path = UserRepositoryImpl.swift; sourceTree = "<group>"; };
		3D2A14DE2E90F7FD00A94CB2 /* UserMapper.swift */ = {isa = PBXFileReference; lastKnownFileType = sourcecode.swift; path = UserMapper.swift; sourceTree = "<group>"; };
		3D2A14E02E90F82000A94CB2 /* UserModel.swift */ = {isa = PBXFileReference; lastKnownFileType = sourcecode.swift; path = UserModel.swift; sourceTree = "<group>"; };
		3D2A14E22E90F99C00A94CB2 /* UserEndPoints.swift */ = {isa = PBXFileReference; lastKnownFileType = sourcecode.swift; path = UserEndPoints.swift; sourceTree = "<group>"; };
		3D2A14E52E90FA4100A94CB2 /* UserUseCaseTests.swift */ = {isa = PBXFileReference; lastKnownFileType = sourcecode.swift; path = UserUseCaseTests.swift; sourceTree = "<group>"; };
		3D2A14E62E90FED100A94CB2 /* UserMapperTests.swift */ = {isa = PBXFileReference; lastKnownFileType = sourcecode.swift; path = UserMapperTests.swift; sourceTree = "<group>"; };
		3D2A14E92E9101D200A94CB2 /* Info.plist */ = {isa = PBXFileReference; lastKnownFileType = text.plist.xml; path = Info.plist; sourceTree = "<group>"; };
		3D2A14EC2E91036900A94CB2 /* UserRepoTests.swift */ = {isa = PBXFileReference; lastKnownFileType = sourcecode.swift; path = UserRepoTests.swift; sourceTree = "<group>"; };
		3D2A14EE2E910B3100A94CB2 /* FriendDTO.swift */ = {isa = PBXFileReference; lastKnownFileType = sourcecode.swift; path = FriendDTO.swift; sourceTree = "<group>"; };
		3D2A14F02E910B5E00A94CB2 /* FriendModel.swift */ = {isa = PBXFileReference; lastKnownFileType = sourcecode.swift; path = FriendModel.swift; sourceTree = "<group>"; };
		3D2A14F32E910BFF00A94CB2 /* FriendEndPoints.swift */ = {isa = PBXFileReference; lastKnownFileType = sourcecode.swift; path = FriendEndPoints.swift; sourceTree = "<group>"; };
		3D2A14F72E9113F600A94CB2 /* FriendRepository.swift */ = {isa = PBXFileReference; lastKnownFileType = sourcecode.swift; path = FriendRepository.swift; sourceTree = "<group>"; };
		3D2A14F92E91142400A94CB2 /* FriendMapper.swift */ = {isa = PBXFileReference; lastKnownFileType = sourcecode.swift; path = FriendMapper.swift; sourceTree = "<group>"; };
		3D2A14FC2E91143D00A94CB2 /* FriendRepositoryImpl.swift */ = {isa = PBXFileReference; lastKnownFileType = sourcecode.swift; path = FriendRepositoryImpl.swift; sourceTree = "<group>"; };
		3D2A15452E9116AA00A94CB2 /* GetFriendListUseCase.swift */ = {isa = PBXFileReference; lastKnownFileType = sourcecode.swift; path = GetFriendListUseCase.swift; sourceTree = "<group>"; };
		3D2A15492E9117D200A94CB2 /* GetFriendListAndInviteUseCase.swift */ = {isa = PBXFileReference; lastKnownFileType = sourcecode.swift; path = GetFriendListAndInviteUseCase.swift; sourceTree = "<group>"; };
		3D2A154B2E91184900A94CB2 /* GetFriendListEmptyUseCase.swift */ = {isa = PBXFileReference; lastKnownFileType = sourcecode.swift; path = GetFriendListEmptyUseCase.swift; sourceTree = "<group>"; };
		3D41A18A2E911A810027135B /* FriendListUseCaseTests.swift */ = {isa = PBXFileReference; lastKnownFileType = sourcecode.swift; path = FriendListUseCaseTests.swift; sourceTree = "<group>"; };
		3D41A18D2E911DBE0027135B /* String.swift */ = {isa = PBXFileReference; lastKnownFileType = sourcecode.swift; path = String.swift; sourceTree = "<group>"; };
		3D41A18F2E91259E0027135B /* FriendListRepoTests.swift */ = {isa = PBXFileReference; lastKnownFileType = sourcecode.swift; path = FriendListRepoTests.swift; sourceTree = "<group>"; };
		3D41A1922E91292F0027135B /* MockAPIService.swift */ = {isa = PBXFileReference; lastKnownFileType = sourcecode.swift; path = MockAPIService.swift; sourceTree = "<group>"; };
		3D41A1942E9141E00027135B /* FriendMapperTests.swift */ = {isa = PBXFileReference; lastKnownFileType = sourcecode.swift; path = FriendMapperTests.swift; sourceTree = "<group>"; };
		3D41A1972E914A1D0027135B /* FriendListViewModelTests.swift */ = {isa = PBXFileReference; lastKnownFileType = sourcecode.swift; path = FriendListViewModelTests.swift; sourceTree = "<group>"; };
		3D41A1992E914A620027135B /* FriendListViewModel.swift */ = {isa = PBXFileReference; lastKnownFileType = sourcecode.swift; path = FriendListViewModel.swift; sourceTree = "<group>"; };
		3D4D4C4F2E90EE7300121DC6 /* KoKoFriendList.app */ = {isa = PBXFileReference; explicitFileType = wrapper.application; includeInIndex = 0; path = KoKoFriendList.app; sourceTree = BUILT_PRODUCTS_DIR; };
		3D4D4C652E90EE7500121DC6 /* KoKoFriendListTests.xctest */ = {isa = PBXFileReference; explicitFileType = wrapper.cfbundle; includeInIndex = 0; path = KoKoFriendListTests.xctest; sourceTree = BUILT_PRODUCTS_DIR; };
		3D4D4C6F2E90EE7500121DC6 /* KoKoFriendListUITests.xctest */ = {isa = PBXFileReference; explicitFileType = wrapper.cfbundle; includeInIndex = 0; path = KoKoFriendListUITests.xctest; sourceTree = BUILT_PRODUCTS_DIR; };
		3DEC71D42E916998009ED399 /* DIContainer.swift */ = {isa = PBXFileReference; lastKnownFileType = sourcecode.swift; path = DIContainer.swift; sourceTree = "<group>"; };
		3DEC71D62E916F62009ED399 /* GetFriendListProtocol.swift */ = {isa = PBXFileReference; lastKnownFileType = sourcecode.swift; path = GetFriendListProtocol.swift; sourceTree = "<group>"; };
		3DEC71D82E940CE2009ED399 /* TableViewAdapter.swift */ = {isa = PBXFileReference; lastKnownFileType = sourcecode.swift; path = TableViewAdapter.swift; sourceTree = "<group>"; };
		3DEC71DB2E940D33009ED399 /* FriendListViewController.swift */ = {isa = PBXFileReference; lastKnownFileType = sourcecode.swift; path = FriendListViewController.swift; sourceTree = "<group>"; };
		3DEC71DE2E94102D009ED399 /* TopUserInfoView.swift */ = {isa = PBXFileReference; lastKnownFileType = sourcecode.swift; path = TopUserInfoView.swift; sourceTree = "<group>"; };
		3DEC71E72E9411EF009ED399 /* EnterViewController.swift */ = {isa = PBXFileReference; lastKnownFileType = sourcecode.swift; path = EnterViewController.swift; sourceTree = "<group>"; };
		3DEC71EA2E94120C009ED399 /* HomeViewController.swift */ = {isa = PBXFileReference; lastKnownFileType = sourcecode.swift; path = HomeViewController.swift; sourceTree = "<group>"; };
		3DEC71ED2E9414B5009ED399 /* SimpleButton.swift */ = {isa = PBXFileReference; lastKnownFileType = sourcecode.swift; path = SimpleButton.swift; sourceTree = "<group>"; };
		3DEC71F52E9415BF009ED399 /* TabBarItem.swift */ = {isa = PBXFileReference; lastKnownFileType = sourcecode.swift; path = TabBarItem.swift; sourceTree = "<group>"; };
		3DEC71F72E941635009ED399 /* HomeViewModel.swift */ = {isa = PBXFileReference; lastKnownFileType = sourcecode.swift; path = HomeViewModel.swift; sourceTree = "<group>"; };
		3DEC71FA2E941706009ED399 /* TabView.swift */ = {isa = PBXFileReference; lastKnownFileType = sourcecode.swift; path = TabView.swift; sourceTree = "<group>"; };
		3DEC72022E94B458009ED399 /* color.xcassets */ = {isa = PBXFileReference; lastKnownFileType = folder.assetcatalog; path = color.xcassets; sourceTree = "<group>"; };
		3DEC72042E94BBD1009ED399 /* UIView.swift */ = {isa = PBXFileReference; lastKnownFileType = sourcecode.swift; path = UIView.swift; sourceTree = "<group>"; };
		3DEC72062E94CFE8009ED399 /* FunctionSwitcher.swift */ = {isa = PBXFileReference; lastKnownFileType = sourcecode.swift; path = FunctionSwitcher.swift; sourceTree = "<group>"; };
		3DEC72082E94D089009ED399 /* FriendListPageType.swift */ = {isa = PBXFileReference; lastKnownFileType = sourcecode.swift; path = FriendListPageType.swift; sourceTree = "<group>"; };
		3DEC720A2E94D094009ED399 /* FriendListTab.swift */ = {isa = PBXFileReference; lastKnownFileType = sourcecode.swift; path = FriendListTab.swift; sourceTree = "<group>"; };
		3DEC720C2E94D548009ED399 /* TabButton.swift */ = {isa = PBXFileReference; lastKnownFileType = sourcecode.swift; path = TabButton.swift; sourceTree = "<group>"; };
		3DEC720E2E94E6B0009ED399 /* UIStackView.swift */ = {isa = PBXFileReference; lastKnownFileType = sourcecode.swift; path = UIStackView.swift; sourceTree = "<group>"; };
		3DEC72102E94FCAF009ED399 /* UIButton.swift */ = {isa = PBXFileReference; lastKnownFileType = sourcecode.swift; path = UIButton.swift; sourceTree = "<group>"; };
		3DEC72122E94FD79009ED399 /* EmptyDataCell.swift */ = {isa = PBXFileReference; lastKnownFileType = sourcecode.swift; path = EmptyDataCell.swift; sourceTree = "<group>"; };
		3DEC72152E94FE8F009ED399 /* EmptyDataCell.xib */ = {isa = PBXFileReference; lastKnownFileType = file.xib; path = EmptyDataCell.xib; sourceTree = "<group>"; };
		3DEC72182E9518D8009ED399 /* NSMutableAttributedString.swift */ = {isa = PBXFileReference; lastKnownFileType = sourcecode.swift; path = NSMutableAttributedString.swift; sourceTree = "<group>"; };
		3DEC721A2E951953009ED399 /* Array.swift */ = {isa = PBXFileReference; lastKnownFileType = sourcecode.swift; path = Array.swift; sourceTree = "<group>"; };
		3DEC721E2E952076009ED399 /* GetBadgeUseCase.swift */ = {isa = PBXFileReference; lastKnownFileType = sourcecode.swift; path = GetBadgeUseCase.swift; sourceTree = "<group>"; };
		3DEC72202E957B66009ED399 /* FriendCell.swift */ = {isa = PBXFileReference; lastKnownFileType = sourcecode.swift; path = FriendCell.swift; sourceTree = "<group>"; };
		3DEC72222E957F31009ED399 /* FriendCell.xib */ = {isa = PBXFileReference; lastKnownFileType = file.xib; path = FriendCell.xib; sourceTree = "<group>"; };
/* End PBXFileReference section */

/* Begin PBXFrameworksBuildPhase section */
		3D4D4C4C2E90EE7300121DC6 /* Frameworks */ = {
			isa = PBXFrameworksBuildPhase;
			buildActionMask = 2147483647;
			files = (
			);
			runOnlyForDeploymentPostprocessing = 0;
		};
		3D4D4C622E90EE7500121DC6 /* Frameworks */ = {
			isa = PBXFrameworksBuildPhase;
			buildActionMask = 2147483647;
			files = (
			);
			runOnlyForDeploymentPostprocessing = 0;
		};
		3D4D4C6C2E90EE7500121DC6 /* Frameworks */ = {
			isa = PBXFrameworksBuildPhase;
			buildActionMask = 2147483647;
			files = (
			);
			runOnlyForDeploymentPostprocessing = 0;
		};
/* End PBXFrameworksBuildPhase section */

/* Begin PBXGroup section */
		360B2DB22E96101200DEDF86 /* HeaderView */ = {
			isa = PBXGroup;
			children = (
				360B2DB32E9634A100DEDF86 /* SearchFriendHeaderView.swift */,
				360B2DB62E9635E800DEDF86 /* SearchFriendHeaderView.xib */,
			);
			path = HeaderView;
			sourceTree = "<group>";
		};
		3D2A14992E90EF9F00A94CB2 /* Core */ = {
			isa = PBXGroup;
			children = (
				3DEC71D92E940CE2009ED399 /* Adapter */,
				3DEC71D32E916988009ED399 /* DIContainer */,
				3D2A14BD2E90EFDD00A94CB2 /* Network */,
				3D2A14C12E90F01300A94CB2 /* Errors */,
				3D41A18C2E911DA10027135B /* Extension */,
				3DEC71F12E9414B5009ED399 /* Widgets */,
			);
			path = Core;
			sourceTree = "<group>";
		};
		3D2A149A2E90EF9F00A94CB2 /* Feature */ = {
			isa = PBXGroup;
			children = (
				3DEC71E62E9411E8009ED399 /* Enter */,
				3DEC71E42E9411BD009ED399 /* Home */,
				3D2A14CD2E90F6A100A94CB2 /* User */,
				3D2A14C42E90F33200A94CB2 /* Friend */,
			);
			path = Feature;
			sourceTree = "<group>";
		};
		3D2A14A42E90EF9F00A94CB2 /* KoKoFriendList */ = {
			isa = PBXGroup;
			children = (
				3D2A14992E90EF9F00A94CB2 /* Core */,
				3D2A149A2E90EF9F00A94CB2 /* Feature */,
				3D2A149B2E90EF9F00A94CB2 /* AppDelegate.swift */,
				3DEC72022E94B458009ED399 /* color.xcassets */,
				3D2A149C2E90EF9F00A94CB2 /* Assets.xcassets */,
				3D2A149F2E90EF9F00A94CB2 /* LaunchScreen.storyboard */,
				3D2A14A12E90EF9F00A94CB2 /* Main.storyboard */,
				3D2A14A22E90EF9F00A94CB2 /* SceneDelegate.swift */,
				3D2A14E92E9101D200A94CB2 /* Info.plist */,
			);
			path = KoKoFriendList;
			sourceTree = "<group>";
		};
		3D2A14AE2E90EFAB00A94CB2 /* KoKoFriendListTests */ = {
			isa = PBXGroup;
			children = (
				3D41A1912E9129010027135B /* MockAPIService */,
				3D2A154D2E9119B700A94CB2 /* FriendListsTest */,
				3D2A14E42E90FA3600A94CB2 /* UserTests */,
			);
			path = KoKoFriendListTests;
			sourceTree = "<group>";
		};
		3D2A14BD2E90EFDD00A94CB2 /* Network */ = {
			isa = PBXGroup;
			children = (
				3D2A14B52E90EFC500A94CB2 /* APIService.swift */,
				3D2A14B62E90EFC500A94CB2 /* APIURL.swift */,
				3D2A14B72E90EFC500A94CB2 /* Endpoint.swift */,
			);
			path = Network;
			sourceTree = "<group>";
		};
		3D2A14C12E90F01300A94CB2 /* Errors */ = {
			isa = PBXGroup;
			children = (
				3D2A14BF2E90F01300A94CB2 /* APIError.swift */,
				3D2A14C02E90F01300A94CB2 /* DomainError.swift */,
			);
			path = Errors;
			sourceTree = "<group>";
		};
		3D2A14C42E90F33200A94CB2 /* Friend */ = {
			isa = PBXGroup;
			children = (
				3D2A14C72E90F35800A94CB2 /* Presentation */,
				3D2A14C62E90F33F00A94CB2 /* Domain */,
				3D2A14C52E90F33C00A94CB2 /* Data */,
			);
			path = Friend;
			sourceTree = "<group>";
		};
		3D2A14C52E90F33C00A94CB2 /* Data */ = {
			isa = PBXGroup;
			children = (
				3D2A14F32E910BFF00A94CB2 /* FriendEndPoints.swift */,
				3D2A14EE2E910B3100A94CB2 /* FriendDTO.swift */,
				3D2A14F92E91142400A94CB2 /* FriendMapper.swift */,
				3D2A14FC2E91143D00A94CB2 /* FriendRepositoryImpl.swift */,
			);
			path = Data;
			sourceTree = "<group>";
		};
		3D2A14C62E90F33F00A94CB2 /* Domain */ = {
			isa = PBXGroup;
			children = (
				3DEC72082E94D089009ED399 /* FriendListPageType.swift */,
				3DEC720A2E94D094009ED399 /* FriendListTab.swift */,
				3D2A14F72E9113F600A94CB2 /* FriendRepository.swift */,
				3D2A14F02E910B5E00A94CB2 /* FriendModel.swift */,
				3D2A14C82E90F36000A94CB2 /* UseCase */,
			);
			path = Domain;
			sourceTree = "<group>";
		};
		3D2A14C72E90F35800A94CB2 /* Presentation */ = {
			isa = PBXGroup;
			children = (
				360B2DB22E96101200DEDF86 /* HeaderView */,
				3DEC71E32E9410D0009ED399 /* Cells */,
				3DEC71DD2E941027009ED399 /* Views */,
				3D41A1992E914A620027135B /* FriendListViewModel.swift */,
				3DEC71DB2E940D33009ED399 /* FriendListViewController.swift */,
			);
			path = Presentation;
			sourceTree = "<group>";
		};
		3D2A14C82E90F36000A94CB2 /* UseCase */ = {
			isa = PBXGroup;
			children = (
				3DEC71D62E916F62009ED399 /* GetFriendListProtocol.swift */,
				3D2A15452E9116AA00A94CB2 /* GetFriendListUseCase.swift */,
				3D2A15492E9117D200A94CB2 /* GetFriendListAndInviteUseCase.swift */,
				3D2A154B2E91184900A94CB2 /* GetFriendListEmptyUseCase.swift */,
				3DEC721E2E952076009ED399 /* GetBadgeUseCase.swift */,
			);
			path = UseCase;
			sourceTree = "<group>";
		};
		3D2A14CD2E90F6A100A94CB2 /* User */ = {
			isa = PBXGroup;
			children = (
				3D2A14D02E90F6B800A94CB2 /* Persentation */,
				3D2A14D52E90F6DA00A94CB2 /* Domain */,
				3D2A14CE2E90F6AB00A94CB2 /* Data */,
			);
			path = User;
			sourceTree = "<group>";
		};
		3D2A14CE2E90F6AB00A94CB2 /* Data */ = {
			isa = PBXGroup;
			children = (
				3D2A14E22E90F99C00A94CB2 /* UserEndPoints.swift */,
				3D2A14D92E90F71F00A94CB2 /* UserDTO.swift */,
				3D2A14DE2E90F7FD00A94CB2 /* UserMapper.swift */,
				3D2A14DB2E90F77800A94CB2 /* UserRepositoryImpl.swift */,
			);
			path = Data;
			sourceTree = "<group>";
		};
		3D2A14D02E90F6B800A94CB2 /* Persentation */ = {
			isa = PBXGroup;
			children = (
			);
			path = Persentation;
			sourceTree = "<group>";
		};
		3D2A14D42E90F6DA00A94CB2 /* UseCase */ = {
			isa = PBXGroup;
			children = (
				3D2A14D32E90F6DA00A94CB2 /* GetUserUseCase.swift */,
			);
			path = UseCase;
			sourceTree = "<group>";
		};
		3D2A14D52E90F6DA00A94CB2 /* Domain */ = {
			isa = PBXGroup;
			children = (
				3D2A14E02E90F82000A94CB2 /* UserModel.swift */,
				3D2A14D22E90F6DA00A94CB2 /* UserRepository.swift */,
				3D2A14D42E90F6DA00A94CB2 /* UseCase */,
			);
			path = Domain;
			sourceTree = "<group>";
		};
		3D2A14E42E90FA3600A94CB2 /* UserTests */ = {
			isa = PBXGroup;
			children = (
				3D2A14E52E90FA4100A94CB2 /* UserUseCaseTests.swift */,
				3D2A14EC2E91036900A94CB2 /* UserRepoTests.swift */,
				3D2A14E62E90FED100A94CB2 /* UserMapperTests.swift */,
			);
			path = UserTests;
			sourceTree = "<group>";
		};
		3D2A154D2E9119B700A94CB2 /* FriendListsTest */ = {
			isa = PBXGroup;
			children = (
				3D41A1972E914A1D0027135B /* FriendListViewModelTests.swift */,
				3D41A18A2E911A810027135B /* FriendListUseCaseTests.swift */,
				3D41A18F2E91259E0027135B /* FriendListRepoTests.swift */,
				3D41A1942E9141E00027135B /* FriendMapperTests.swift */,
			);
			path = FriendListsTest;
			sourceTree = "<group>";
		};
		3D41A18C2E911DA10027135B /* Extension */ = {
			isa = PBXGroup;
			children = (
				3DEC721A2E951953009ED399 /* Array.swift */,
				3DEC72182E9518D8009ED399 /* NSMutableAttributedString.swift */,
				3DEC72102E94FCAF009ED399 /* UIButton.swift */,
				3DEC72042E94BBD1009ED399 /* UIView.swift */,
				3DEC720E2E94E6B0009ED399 /* UIStackView.swift */,
				3D41A18D2E911DBE0027135B /* String.swift */,
			);
			path = Extension;
			sourceTree = "<group>";
		};
		3D41A1912E9129010027135B /* MockAPIService */ = {
			isa = PBXGroup;
			children = (
				3D41A1922E91292F0027135B /* MockAPIService.swift */,
			);
			path = MockAPIService;
			sourceTree = "<group>";
		};
		3D4D4C462E90EE7300121DC6 = {
			isa = PBXGroup;
			children = (
				3D2A14A42E90EF9F00A94CB2 /* KoKoFriendList */,
				3D2A14AE2E90EFAB00A94CB2 /* KoKoFriendListTests */,
				3D4D4C502E90EE7300121DC6 /* Products */,
			);
			sourceTree = "<group>";
		};
		3D4D4C502E90EE7300121DC6 /* Products */ = {
			isa = PBXGroup;
			children = (
				3D4D4C4F2E90EE7300121DC6 /* KoKoFriendList.app */,
				3D4D4C652E90EE7500121DC6 /* KoKoFriendListTests.xctest */,
				3D4D4C6F2E90EE7500121DC6 /* KoKoFriendListUITests.xctest */,
			);
			name = Products;
			sourceTree = "<group>";
		};
		3DEC71D32E916988009ED399 /* DIContainer */ = {
			isa = PBXGroup;
			children = (
				3DEC71D42E916998009ED399 /* DIContainer.swift */,
			);
			path = DIContainer;
			sourceTree = "<group>";
		};
		3DEC71D92E940CE2009ED399 /* Adapter */ = {
			isa = PBXGroup;
			children = (
				3DEC71D82E940CE2009ED399 /* TableViewAdapter.swift */,
			);
			path = Adapter;
			sourceTree = "<group>";
		};
		3DEC71DD2E941027009ED399 /* Views */ = {
			isa = PBXGroup;
			children = (
				3DEC71DE2E94102D009ED399 /* TopUserInfoView.swift */,
				3DEC72062E94CFE8009ED399 /* FunctionSwitcher.swift */,
				360B2E8D2E9645ED00DEDF86 /* InviteFriendsView.swift */,
			);
			path = Views;
			sourceTree = "<group>";
		};
		3DEC71E32E9410D0009ED399 /* Cells */ = {
			isa = PBXGroup;
			children = (
				3DEC72202E957B66009ED399 /* FriendCell.swift */,
				3DEC72222E957F31009ED399 /* FriendCell.xib */,
				3DEC72122E94FD79009ED399 /* EmptyDataCell.swift */,
				3DEC72152E94FE8F009ED399 /* EmptyDataCell.xib */,
			);
			path = Cells;
			sourceTree = "<group>";
		};
		3DEC71E42E9411BD009ED399 /* Home */ = {
			isa = PBXGroup;
			children = (
				3DEC71F42E9415B6009ED399 /* Domain */,
				3DEC71EB2E94120C009ED399 /* Presentation */,
			);
			path = Home;
			sourceTree = "<group>";
		};
		3DEC71E62E9411E8009ED399 /* Enter */ = {
			isa = PBXGroup;
			children = (
				3DEC71E92E9411FA009ED399 /* Presentation */,
			);
			path = Enter;
			sourceTree = "<group>";
		};
		3DEC71E92E9411FA009ED399 /* Presentation */ = {
			isa = PBXGroup;
			children = (
				3DEC71E72E9411EF009ED399 /* EnterViewController.swift */,
			);
			path = Presentation;
			sourceTree = "<group>";
		};
		3DEC71EB2E94120C009ED399 /* Presentation */ = {
			isa = PBXGroup;
			children = (
				3DEC71F92E9416F9009ED399 /* Views */,
				3DEC71F72E941635009ED399 /* HomeViewModel.swift */,
				3DEC71EA2E94120C009ED399 /* HomeViewController.swift */,
			);
			path = Presentation;
			sourceTree = "<group>";
		};
		3DEC71EE2E9414B5009ED399 /* Buttons */ = {
			isa = PBXGroup;
			children = (
				3DEC720C2E94D548009ED399 /* TabButton.swift */,
				3DEC71ED2E9414B5009ED399 /* SimpleButton.swift */,
			);
			path = Buttons;
			sourceTree = "<group>";
		};
		3DEC71F12E9414B5009ED399 /* Widgets */ = {
			isa = PBXGroup;
			children = (
				3DEC71EE2E9414B5009ED399 /* Buttons */,
			);
			path = Widgets;
			sourceTree = "<group>";
		};
		3DEC71F42E9415B6009ED399 /* Domain */ = {
			isa = PBXGroup;
			children = (
				3DEC71F52E9415BF009ED399 /* TabBarItem.swift */,
			);
			path = Domain;
			sourceTree = "<group>";
		};
		3DEC71F92E9416F9009ED399 /* Views */ = {
			isa = PBXGroup;
			children = (
				3DEC71FA2E941706009ED399 /* TabView.swift */,
			);
			path = Views;
			sourceTree = "<group>";
		};
/* End PBXGroup section */

/* Begin PBXNativeTarget section */
		3D4D4C4E2E90EE7300121DC6 /* KoKoFriendList */ = {
			isa = PBXNativeTarget;
			buildConfigurationList = 3D4D4C782E90EE7500121DC6 /* Build configuration list for PBXNativeTarget "KoKoFriendList" */;
			buildPhases = (
				3D4D4C4B2E90EE7300121DC6 /* Sources */,
				3D4D4C4C2E90EE7300121DC6 /* Frameworks */,
				3D4D4C4D2E90EE7300121DC6 /* Resources */,
			);
			buildRules = (
			);
			dependencies = (
			);
			name = KoKoFriendList;
			packageProductDependencies = (
			);
			productName = KoKoFriendList;
			productReference = 3D4D4C4F2E90EE7300121DC6 /* KoKoFriendList.app */;
			productType = "com.apple.product-type.application";
		};
		3D4D4C642E90EE7500121DC6 /* KoKoFriendListTests */ = {
			isa = PBXNativeTarget;
			buildConfigurationList = 3D4D4C7D2E90EE7500121DC6 /* Build configuration list for PBXNativeTarget "KoKoFriendListTests" */;
			buildPhases = (
				3D4D4C612E90EE7500121DC6 /* Sources */,
				3D4D4C622E90EE7500121DC6 /* Frameworks */,
				3D4D4C632E90EE7500121DC6 /* Resources */,
			);
			buildRules = (
			);
			dependencies = (
				3D4D4C672E90EE7500121DC6 /* PBXTargetDependency */,
			);
			name = KoKoFriendListTests;
			packageProductDependencies = (
			);
			productName = KoKoFriendListTests;
			productReference = 3D4D4C652E90EE7500121DC6 /* KoKoFriendListTests.xctest */;
			productType = "com.apple.product-type.bundle.unit-test";
		};
		3D4D4C6E2E90EE7500121DC6 /* KoKoFriendListUITests */ = {
			isa = PBXNativeTarget;
			buildConfigurationList = 3D4D4C802E90EE7500121DC6 /* Build configuration list for PBXNativeTarget "KoKoFriendListUITests" */;
			buildPhases = (
				3D4D4C6B2E90EE7500121DC6 /* Sources */,
				3D4D4C6C2E90EE7500121DC6 /* Frameworks */,
				3D4D4C6D2E90EE7500121DC6 /* Resources */,
			);
			buildRules = (
			);
			dependencies = (
				3D4D4C712E90EE7500121DC6 /* PBXTargetDependency */,
			);
			name = KoKoFriendListUITests;
			packageProductDependencies = (
			);
			productName = KoKoFriendListUITests;
			productReference = 3D4D4C6F2E90EE7500121DC6 /* KoKoFriendListUITests.xctest */;
			productType = "com.apple.product-type.bundle.ui-testing";
		};
/* End PBXNativeTarget section */

/* Begin PBXProject section */
		3D4D4C472E90EE7300121DC6 /* Project object */ = {
			isa = PBXProject;
			attributes = {
				BuildIndependentTargetsInParallel = 1;
				LastSwiftUpdateCheck = 2600;
				LastUpgradeCheck = 2600;
				TargetAttributes = {
					3D4D4C4E2E90EE7300121DC6 = {
						CreatedOnToolsVersion = 26.0.1;
					};
					3D4D4C642E90EE7500121DC6 = {
						CreatedOnToolsVersion = 26.0.1;
						TestTargetID = 3D4D4C4E2E90EE7300121DC6;
					};
					3D4D4C6E2E90EE7500121DC6 = {
						CreatedOnToolsVersion = 26.0.1;
						TestTargetID = 3D4D4C4E2E90EE7300121DC6;
					};
				};
			};
			buildConfigurationList = 3D4D4C4A2E90EE7300121DC6 /* Build configuration list for PBXProject "KoKoFriendList" */;
			developmentRegion = en;
			hasScannedForEncodings = 0;
			knownRegions = (
				en,
				Base,
			);
			mainGroup = 3D4D4C462E90EE7300121DC6;
			minimizedProjectReferenceProxies = 1;
			preferredProjectObjectVersion = 77;
			productRefGroup = 3D4D4C502E90EE7300121DC6 /* Products */;
			projectDirPath = "";
			projectRoot = "";
			targets = (
				3D4D4C4E2E90EE7300121DC6 /* KoKoFriendList */,
				3D4D4C642E90EE7500121DC6 /* KoKoFriendListTests */,
				3D4D4C6E2E90EE7500121DC6 /* KoKoFriendListUITests */,
			);
		};
/* End PBXProject section */

/* Begin PBXResourcesBuildPhase section */
		3D4D4C4D2E90EE7300121DC6 /* Resources */ = {
			isa = PBXResourcesBuildPhase;
			buildActionMask = 2147483647;
			files = (
				3D2A14A62E90EF9F00A94CB2 /* Main.storyboard in Resources */,
				3DEC72232E957F31009ED399 /* FriendCell.xib in Resources */,
				3DEC72162E94FE8F009ED399 /* EmptyDataCell.xib in Resources */,
				360B2DB72E9635E800DEDF86 /* SearchFriendHeaderView.xib in Resources */,
				3DEC72032E94B458009ED399 /* color.xcassets in Resources */,
				3D2A14A72E90EF9F00A94CB2 /* LaunchScreen.storyboard in Resources */,
				3D2A14A82E90EF9F00A94CB2 /* Assets.xcassets in Resources */,
			);
			runOnlyForDeploymentPostprocessing = 0;
		};
		3D4D4C632E90EE7500121DC6 /* Resources */ = {
			isa = PBXResourcesBuildPhase;
			buildActionMask = 2147483647;
			files = (
			);
			runOnlyForDeploymentPostprocessing = 0;
		};
		3D4D4C6D2E90EE7500121DC6 /* Resources */ = {
			isa = PBXResourcesBuildPhase;
			buildActionMask = 2147483647;
			files = (
			);
			runOnlyForDeploymentPostprocessing = 0;
		};
/* End PBXResourcesBuildPhase section */

/* Begin PBXSourcesBuildPhase section */
		3D4D4C4B2E90EE7300121DC6 /* Sources */ = {
			isa = PBXSourcesBuildPhase;
			buildActionMask = 2147483647;
			files = (
				3DEC71D52E9169A1009ED399 /* DIContainer.swift in Sources */,
				3D2A15462E9116BA00A94CB2 /* GetFriendListUseCase.swift in Sources */,
				3DEC71DF2E941040009ED399 /* TopUserInfoView.swift in Sources */,
				360B2E8E2E9645FF00DEDF86 /* InviteFriendsView.swift in Sources */,
				3D2A14DC2E90F77C00A94CB2 /* UserRepositoryImpl.swift in Sources */,
				3DEC72052E94BBD6009ED399 /* UIView.swift in Sources */,
				3D2A14E32E90F9A300A94CB2 /* UserEndPoints.swift in Sources */,
				3D2A14EF2E910B3A00A94CB2 /* FriendDTO.swift in Sources */,
				3D2A14F42E910C0000A94CB2 /* FriendEndPoints.swift in Sources */,
				3DEC72192E9518D8009ED399 /* NSMutableAttributedString.swift in Sources */,
				3DEC71FB2E94170C009ED399 /* TabView.swift in Sources */,
				3D2A14D62E90F6DA00A94CB2 /* UserRepository.swift in Sources */,
				3DEC71DA2E940CE2009ED399 /* TableViewAdapter.swift in Sources */,
				3D2A14D72E90F6DA00A94CB2 /* GetUserUseCase.swift in Sources */,
				3D2A14B92E90EFC500A94CB2 /* APIURL.swift in Sources */,
				3D2A14BB2E90EFC500A94CB2 /* APIService.swift in Sources */,
				3D2A14C22E90F01300A94CB2 /* APIError.swift in Sources */,
				3DEC72132E94FD82009ED399 /* EmptyDataCell.swift in Sources */,
				3D2A14DF2E90F80100A94CB2 /* UserMapper.swift in Sources */,
				3D2A14FA2E91142E00A94CB2 /* FriendMapper.swift in Sources */,
				3DEC72212E957B6D009ED399 /* FriendCell.swift in Sources */,
				3DEC720B2E94D0A6009ED399 /* FriendListTab.swift in Sources */,
				3D2A14DA2E90F72200A94CB2 /* UserDTO.swift in Sources */,
				3DEC71F32E9414B5009ED399 /* SimpleButton.swift in Sources */,
				3DEC71E82E9411F6009ED399 /* EnterViewController.swift in Sources */,
				3DEC71F82E94163D009ED399 /* HomeViewModel.swift in Sources */,
				3D41A18E2E911DC50027135B /* String.swift in Sources */,
				3D2A14F12E910B6300A94CB2 /* FriendModel.swift in Sources */,
				3DEC71EC2E94120C009ED399 /* HomeViewController.swift in Sources */,
				3DEC72092E94D08A009ED399 /* FriendListPageType.swift in Sources */,
				3D2A154A2E9117D200A94CB2 /* GetFriendListAndInviteUseCase.swift in Sources */,
				3DEC721B2E951955009ED399 /* Array.swift in Sources */,
				3D2A14F82E91140900A94CB2 /* FriendRepository.swift in Sources */,
				3DEC720D2E94D548009ED399 /* TabButton.swift in Sources */,
				3D2A154C2E91184900A94CB2 /* GetFriendListEmptyUseCase.swift in Sources */,
				3D2A14FD2E91144200A94CB2 /* FriendRepositoryImpl.swift in Sources */,
				3D2A14C32E90F01300A94CB2 /* DomainError.swift in Sources */,
				3DEC71F62E9415D1009ED399 /* TabBarItem.swift in Sources */,
				3DEC71DC2E940D3B009ED399 /* FriendListViewController.swift in Sources */,
				3DEC71D72E916F6F009ED399 /* GetFriendListProtocol.swift in Sources */,
				3DEC72112E94FCB5009ED399 /* UIButton.swift in Sources */,
				3D2A14BC2E90EFC500A94CB2 /* Endpoint.swift in Sources */,
				3D2A14AA2E90EF9F00A94CB2 /* SceneDelegate.swift in Sources */,
				3DEC720F2E94E6B4009ED399 /* UIStackView.swift in Sources */,
				3D41A19A2E914A630027135B /* FriendListViewModel.swift in Sources */,
				3DEC721F2E952078009ED399 /* GetBadgeUseCase.swift in Sources */,
				360B2DB42E9634AA00DEDF86 /* SearchFriendHeaderView.swift in Sources */,
				3D2A14E12E90F82100A94CB2 /* UserModel.swift in Sources */,
				3DEC72072E94CFF5009ED399 /* FunctionSwitcher.swift in Sources */,
				3D2A14AC2E90EF9F00A94CB2 /* AppDelegate.swift in Sources */,
			);
			runOnlyForDeploymentPostprocessing = 0;
		};
		3D4D4C612E90EE7500121DC6 /* Sources */ = {
			isa = PBXSourcesBuildPhase;
			buildActionMask = 2147483647;
			files = (
				3D41A1962E9144C10027135B /* FriendListRepoTests.swift in Sources */,
				3D41A1932E9129330027135B /* MockAPIService.swift in Sources */,
				3D2A14E72E90FF1F00A94CB2 /* UserUseCaseTests.swift in Sources */,
				3D2A14E82E90FF2300A94CB2 /* UserMapperTests.swift in Sources */,
				3D41A1982E914A2A0027135B /* FriendListViewModelTests.swift in Sources */,
				3D41A1952E9141EF0027135B /* FriendMapperTests.swift in Sources */,
				3D2A14ED2E91037100A94CB2 /* UserRepoTests.swift in Sources */,
				3D41A18B2E911A810027135B /* FriendListUseCaseTests.swift in Sources */,
			);
			runOnlyForDeploymentPostprocessing = 0;
		};
		3D4D4C6B2E90EE7500121DC6 /* Sources */ = {
			isa = PBXSourcesBuildPhase;
			buildActionMask = 2147483647;
			files = (
			);
			runOnlyForDeploymentPostprocessing = 0;
		};
/* End PBXSourcesBuildPhase section */

/* Begin PBXTargetDependency section */
		3D4D4C672E90EE7500121DC6 /* PBXTargetDependency */ = {
			isa = PBXTargetDependency;
			target = 3D4D4C4E2E90EE7300121DC6 /* KoKoFriendList */;
			targetProxy = 3D4D4C662E90EE7500121DC6 /* PBXContainerItemProxy */;
		};
		3D4D4C712E90EE7500121DC6 /* PBXTargetDependency */ = {
			isa = PBXTargetDependency;
			target = 3D4D4C4E2E90EE7300121DC6 /* KoKoFriendList */;
			targetProxy = 3D4D4C702E90EE7500121DC6 /* PBXContainerItemProxy */;
		};
/* End PBXTargetDependency section */

/* Begin PBXVariantGroup section */
		3D2A149F2E90EF9F00A94CB2 /* LaunchScreen.storyboard */ = {
			isa = PBXVariantGroup;
			children = (
				3D2A149E2E90EF9F00A94CB2 /* Base */,
			);
			name = LaunchScreen.storyboard;
			sourceTree = "<group>";
		};
		3D2A14A12E90EF9F00A94CB2 /* Main.storyboard */ = {
			isa = PBXVariantGroup;
			children = (
				3D2A14A02E90EF9F00A94CB2 /* Base */,
			);
			name = Main.storyboard;
			sourceTree = "<group>";
		};
/* End PBXVariantGroup section */

/* Begin XCBuildConfiguration section */
		3D4D4C792E90EE7500121DC6 /* Debug */ = {
			isa = XCBuildConfiguration;
			buildSettings = {
				ASSETCATALOG_COMPILER_APPICON_NAME = AppIcon;
				ASSETCATALOG_COMPILER_GLOBAL_ACCENT_COLOR_NAME = AccentColor;
				CODE_SIGN_STYLE = Automatic;
				CURRENT_PROJECT_VERSION = 1;
				DEVELOPMENT_TEAM = 376L64R996;
				GENERATE_INFOPLIST_FILE = YES;
				INFOPLIST_FILE = KoKoFriendList/Info.plist;
				INFOPLIST_KEY_UIApplicationSupportsIndirectInputEvents = YES;
				INFOPLIST_KEY_UILaunchStoryboardName = LaunchScreen;
				INFOPLIST_KEY_UIMainStoryboardFile = Main;
				INFOPLIST_KEY_UISupportedInterfaceOrientations_iPad = "UIInterfaceOrientationPortrait UIInterfaceOrientationPortraitUpsideDown UIInterfaceOrientationLandscapeLeft UIInterfaceOrientationLandscapeRight";
				INFOPLIST_KEY_UISupportedInterfaceOrientations_iPhone = "UIInterfaceOrientationPortrait UIInterfaceOrientationLandscapeLeft UIInterfaceOrientationLandscapeRight";
				LD_RUNPATH_SEARCH_PATHS = (
					"$(inherited)",
					"@executable_path/Frameworks",
				);
				MARKETING_VERSION = 1.0;
				PRODUCT_BUNDLE_IDENTIFIER = YIhunag.FriendList.KoKoFriendList;
				PRODUCT_NAME = "$(TARGET_NAME)";
				STRING_CATALOG_GENERATE_SYMBOLS = YES;
				SWIFT_APPROACHABLE_CONCURRENCY = YES;
				SWIFT_DEFAULT_ACTOR_ISOLATION = MainActor;
				SWIFT_EMIT_LOC_STRINGS = YES;
				SWIFT_UPCOMING_FEATURE_MEMBER_IMPORT_VISIBILITY = YES;
				SWIFT_VERSION = 5.0;
				TARGETED_DEVICE_FAMILY = "1,2";
			};
			name = Debug;
		};
		3D4D4C7A2E90EE7500121DC6 /* Release */ = {
			isa = XCBuildConfiguration;
			buildSettings = {
				ASSETCATALOG_COMPILER_APPICON_NAME = AppIcon;
				ASSETCATALOG_COMPILER_GLOBAL_ACCENT_COLOR_NAME = AccentColor;
				CODE_SIGN_STYLE = Automatic;
				CURRENT_PROJECT_VERSION = 1;
				DEVELOPMENT_TEAM = 376L64R996;
				GENERATE_INFOPLIST_FILE = YES;
				INFOPLIST_FILE = KoKoFriendList/Info.plist;
				INFOPLIST_KEY_UIApplicationSupportsIndirectInputEvents = YES;
				INFOPLIST_KEY_UILaunchStoryboardName = LaunchScreen;
				INFOPLIST_KEY_UIMainStoryboardFile = Main;
				INFOPLIST_KEY_UISupportedInterfaceOrientations_iPad = "UIInterfaceOrientationPortrait UIInterfaceOrientationPortraitUpsideDown UIInterfaceOrientationLandscapeLeft UIInterfaceOrientationLandscapeRight";
				INFOPLIST_KEY_UISupportedInterfaceOrientations_iPhone = "UIInterfaceOrientationPortrait UIInterfaceOrientationLandscapeLeft UIInterfaceOrientationLandscapeRight";
				LD_RUNPATH_SEARCH_PATHS = (
					"$(inherited)",
					"@executable_path/Frameworks",
				);
				MARKETING_VERSION = 1.0;
				PRODUCT_BUNDLE_IDENTIFIER = YIhunag.FriendList.KoKoFriendList;
				PRODUCT_NAME = "$(TARGET_NAME)";
				STRING_CATALOG_GENERATE_SYMBOLS = YES;
				SWIFT_APPROACHABLE_CONCURRENCY = YES;
				SWIFT_DEFAULT_ACTOR_ISOLATION = MainActor;
				SWIFT_EMIT_LOC_STRINGS = YES;
				SWIFT_UPCOMING_FEATURE_MEMBER_IMPORT_VISIBILITY = YES;
				SWIFT_VERSION = 5.0;
				TARGETED_DEVICE_FAMILY = "1,2";
			};
			name = Release;
		};
		3D4D4C7B2E90EE7500121DC6 /* Debug */ = {
			isa = XCBuildConfiguration;
			buildSettings = {
				ALWAYS_SEARCH_USER_PATHS = NO;
				ASSETCATALOG_COMPILER_GENERATE_SWIFT_ASSET_SYMBOL_EXTENSIONS = YES;
				CLANG_ANALYZER_NONNULL = YES;
				CLANG_ANALYZER_NUMBER_OBJECT_CONVERSION = YES_AGGRESSIVE;
				CLANG_CXX_LANGUAGE_STANDARD = "gnu++20";
				CLANG_ENABLE_MODULES = YES;
				CLANG_ENABLE_OBJC_ARC = YES;
				CLANG_ENABLE_OBJC_WEAK = YES;
				CLANG_WARN_BLOCK_CAPTURE_AUTORELEASING = YES;
				CLANG_WARN_BOOL_CONVERSION = YES;
				CLANG_WARN_COMMA = YES;
				CLANG_WARN_CONSTANT_CONVERSION = YES;
				CLANG_WARN_DEPRECATED_OBJC_IMPLEMENTATIONS = YES;
				CLANG_WARN_DIRECT_OBJC_ISA_USAGE = YES_ERROR;
				CLANG_WARN_DOCUMENTATION_COMMENTS = YES;
				CLANG_WARN_EMPTY_BODY = YES;
				CLANG_WARN_ENUM_CONVERSION = YES;
				CLANG_WARN_INFINITE_RECURSION = YES;
				CLANG_WARN_INT_CONVERSION = YES;
				CLANG_WARN_NON_LITERAL_NULL_CONVERSION = YES;
				CLANG_WARN_OBJC_IMPLICIT_RETAIN_SELF = YES;
				CLANG_WARN_OBJC_LITERAL_CONVERSION = YES;
				CLANG_WARN_OBJC_ROOT_CLASS = YES_ERROR;
				CLANG_WARN_QUOTED_INCLUDE_IN_FRAMEWORK_HEADER = YES;
				CLANG_WARN_RANGE_LOOP_ANALYSIS = YES;
				CLANG_WARN_STRICT_PROTOTYPES = YES;
				CLANG_WARN_SUSPICIOUS_MOVE = YES;
				CLANG_WARN_UNGUARDED_AVAILABILITY = YES_AGGRESSIVE;
				CLANG_WARN_UNREACHABLE_CODE = YES;
				CLANG_WARN__DUPLICATE_METHOD_MATCH = YES;
				COPY_PHASE_STRIP = NO;
				DEBUG_INFORMATION_FORMAT = dwarf;
				DEVELOPMENT_TEAM = 376L64R996;
				ENABLE_STRICT_OBJC_MSGSEND = YES;
				ENABLE_TESTABILITY = YES;
				ENABLE_USER_SCRIPT_SANDBOXING = YES;
				GCC_C_LANGUAGE_STANDARD = gnu17;
				GCC_DYNAMIC_NO_PIC = NO;
				GCC_NO_COMMON_BLOCKS = YES;
				GCC_OPTIMIZATION_LEVEL = 0;
				GCC_PREPROCESSOR_DEFINITIONS = (
					"DEBUG=1",
					"$(inherited)",
				);
				GCC_WARN_64_TO_32_BIT_CONVERSION = YES;
				GCC_WARN_ABOUT_RETURN_TYPE = YES_ERROR;
				GCC_WARN_UNDECLARED_SELECTOR = YES;
				GCC_WARN_UNINITIALIZED_AUTOS = YES_AGGRESSIVE;
				GCC_WARN_UNUSED_FUNCTION = YES;
				GCC_WARN_UNUSED_VARIABLE = YES;
				IPHONEOS_DEPLOYMENT_TARGET = 26.0;
				LOCALIZATION_PREFERS_STRING_CATALOGS = YES;
				MTL_ENABLE_DEBUG_INFO = INCLUDE_SOURCE;
				MTL_FAST_MATH = YES;
				ONLY_ACTIVE_ARCH = YES;
				SDKROOT = iphoneos;
				SWIFT_ACTIVE_COMPILATION_CONDITIONS = "DEBUG $(inherited)";
				SWIFT_OPTIMIZATION_LEVEL = "-Onone";
			};
			name = Debug;
		};
		3D4D4C7C2E90EE7500121DC6 /* Release */ = {
			isa = XCBuildConfiguration;
			buildSettings = {
				ALWAYS_SEARCH_USER_PATHS = NO;
				ASSETCATALOG_COMPILER_GENERATE_SWIFT_ASSET_SYMBOL_EXTENSIONS = YES;
				CLANG_ANALYZER_NONNULL = YES;
				CLANG_ANALYZER_NUMBER_OBJECT_CONVERSION = YES_AGGRESSIVE;
				CLANG_CXX_LANGUAGE_STANDARD = "gnu++20";
				CLANG_ENABLE_MODULES = YES;
				CLANG_ENABLE_OBJC_ARC = YES;
				CLANG_ENABLE_OBJC_WEAK = YES;
				CLANG_WARN_BLOCK_CAPTURE_AUTORELEASING = YES;
				CLANG_WARN_BOOL_CONVERSION = YES;
				CLANG_WARN_COMMA = YES;
				CLANG_WARN_CONSTANT_CONVERSION = YES;
				CLANG_WARN_DEPRECATED_OBJC_IMPLEMENTATIONS = YES;
				CLANG_WARN_DIRECT_OBJC_ISA_USAGE = YES_ERROR;
				CLANG_WARN_DOCUMENTATION_COMMENTS = YES;
				CLANG_WARN_EMPTY_BODY = YES;
				CLANG_WARN_ENUM_CONVERSION = YES;
				CLANG_WARN_INFINITE_RECURSION = YES;
				CLANG_WARN_INT_CONVERSION = YES;
				CLANG_WARN_NON_LITERAL_NULL_CONVERSION = YES;
				CLANG_WARN_OBJC_IMPLICIT_RETAIN_SELF = YES;
				CLANG_WARN_OBJC_LITERAL_CONVERSION = YES;
				CLANG_WARN_OBJC_ROOT_CLASS = YES_ERROR;
				CLANG_WARN_QUOTED_INCLUDE_IN_FRAMEWORK_HEADER = YES;
				CLANG_WARN_RANGE_LOOP_ANALYSIS = YES;
				CLANG_WARN_STRICT_PROTOTYPES = YES;
				CLANG_WARN_SUSPICIOUS_MOVE = YES;
				CLANG_WARN_UNGUARDED_AVAILABILITY = YES_AGGRESSIVE;
				CLANG_WARN_UNREACHABLE_CODE = YES;
				CLANG_WARN__DUPLICATE_METHOD_MATCH = YES;
				COPY_PHASE_STRIP = NO;
				DEBUG_INFORMATION_FORMAT = "dwarf-with-dsym";
				DEVELOPMENT_TEAM = 376L64R996;
				ENABLE_NS_ASSERTIONS = NO;
				ENABLE_STRICT_OBJC_MSGSEND = YES;
				ENABLE_USER_SCRIPT_SANDBOXING = YES;
				GCC_C_LANGUAGE_STANDARD = gnu17;
				GCC_NO_COMMON_BLOCKS = YES;
				GCC_WARN_64_TO_32_BIT_CONVERSION = YES;
				GCC_WARN_ABOUT_RETURN_TYPE = YES_ERROR;
				GCC_WARN_UNDECLARED_SELECTOR = YES;
				GCC_WARN_UNINITIALIZED_AUTOS = YES_AGGRESSIVE;
				GCC_WARN_UNUSED_FUNCTION = YES;
				GCC_WARN_UNUSED_VARIABLE = YES;
				IPHONEOS_DEPLOYMENT_TARGET = 26.0;
				LOCALIZATION_PREFERS_STRING_CATALOGS = YES;
				MTL_ENABLE_DEBUG_INFO = NO;
				MTL_FAST_MATH = YES;
				SDKROOT = iphoneos;
				SWIFT_COMPILATION_MODE = wholemodule;
				VALIDATE_PRODUCT = YES;
			};
			name = Release;
		};
		3D4D4C7E2E90EE7500121DC6 /* Debug */ = {
			isa = XCBuildConfiguration;
			buildSettings = {
				BUNDLE_LOADER = "$(TEST_HOST)";
				CODE_SIGN_STYLE = Automatic;
				CURRENT_PROJECT_VERSION = 1;
				DEVELOPMENT_TEAM = 376L64R996;
				GENERATE_INFOPLIST_FILE = YES;
				IPHONEOS_DEPLOYMENT_TARGET = 26.0;
				MARKETING_VERSION = 1.0;
				PRODUCT_BUNDLE_IDENTIFIER = YIhunag.FriendList.KoKoFriendListTests;
				PRODUCT_NAME = "$(TARGET_NAME)";
				STRING_CATALOG_GENERATE_SYMBOLS = NO;
				SWIFT_APPROACHABLE_CONCURRENCY = YES;
				SWIFT_EMIT_LOC_STRINGS = NO;
				SWIFT_UPCOMING_FEATURE_MEMBER_IMPORT_VISIBILITY = YES;
				SWIFT_VERSION = 5.0;
				TARGETED_DEVICE_FAMILY = "1,2";
				TEST_HOST = "$(BUILT_PRODUCTS_DIR)/KoKoFriendList.app/$(BUNDLE_EXECUTABLE_FOLDER_PATH)/KoKoFriendList";
			};
			name = Debug;
		};
		3D4D4C7F2E90EE7500121DC6 /* Release */ = {
			isa = XCBuildConfiguration;
			buildSettings = {
				BUNDLE_LOADER = "$(TEST_HOST)";
				CODE_SIGN_STYLE = Automatic;
				CURRENT_PROJECT_VERSION = 1;
				DEVELOPMENT_TEAM = 376L64R996;
				GENERATE_INFOPLIST_FILE = YES;
				IPHONEOS_DEPLOYMENT_TARGET = 26.0;
				MARKETING_VERSION = 1.0;
				PRODUCT_BUNDLE_IDENTIFIER = YIhunag.FriendList.KoKoFriendListTests;
				PRODUCT_NAME = "$(TARGET_NAME)";
				STRING_CATALOG_GENERATE_SYMBOLS = NO;
				SWIFT_APPROACHABLE_CONCURRENCY = YES;
				SWIFT_EMIT_LOC_STRINGS = NO;
				SWIFT_UPCOMING_FEATURE_MEMBER_IMPORT_VISIBILITY = YES;
				SWIFT_VERSION = 5.0;
				TARGETED_DEVICE_FAMILY = "1,2";
				TEST_HOST = "$(BUILT_PRODUCTS_DIR)/KoKoFriendList.app/$(BUNDLE_EXECUTABLE_FOLDER_PATH)/KoKoFriendList";
			};
			name = Release;
		};
		3D4D4C812E90EE7500121DC6 /* Debug */ = {
			isa = XCBuildConfiguration;
			buildSettings = {
				CODE_SIGN_STYLE = Automatic;
				CURRENT_PROJECT_VERSION = 1;
				DEVELOPMENT_TEAM = 376L64R996;
				GENERATE_INFOPLIST_FILE = YES;
				MARKETING_VERSION = 1.0;
				PRODUCT_BUNDLE_IDENTIFIER = YIhunag.FriendList.KoKoFriendListUITests;
				PRODUCT_NAME = "$(TARGET_NAME)";
				STRING_CATALOG_GENERATE_SYMBOLS = NO;
				SWIFT_APPROACHABLE_CONCURRENCY = YES;
				SWIFT_EMIT_LOC_STRINGS = NO;
				SWIFT_UPCOMING_FEATURE_MEMBER_IMPORT_VISIBILITY = YES;
				SWIFT_VERSION = 5.0;
				TARGETED_DEVICE_FAMILY = "1,2";
				TEST_TARGET_NAME = KoKoFriendList;
			};
			name = Debug;
		};
		3D4D4C822E90EE7500121DC6 /* Release */ = {
			isa = XCBuildConfiguration;
			buildSettings = {
				CODE_SIGN_STYLE = Automatic;
				CURRENT_PROJECT_VERSION = 1;
				DEVELOPMENT_TEAM = 376L64R996;
				GENERATE_INFOPLIST_FILE = YES;
				MARKETING_VERSION = 1.0;
				PRODUCT_BUNDLE_IDENTIFIER = YIhunag.FriendList.KoKoFriendListUITests;
				PRODUCT_NAME = "$(TARGET_NAME)";
				STRING_CATALOG_GENERATE_SYMBOLS = NO;
				SWIFT_APPROACHABLE_CONCURRENCY = YES;
				SWIFT_EMIT_LOC_STRINGS = NO;
				SWIFT_UPCOMING_FEATURE_MEMBER_IMPORT_VISIBILITY = YES;
				SWIFT_VERSION = 5.0;
				TARGETED_DEVICE_FAMILY = "1,2";
				TEST_TARGET_NAME = KoKoFriendList;
			};
			name = Release;
		};
/* End XCBuildConfiguration section */

/* Begin XCConfigurationList section */
		3D4D4C4A2E90EE7300121DC6 /* Build configuration list for PBXProject "KoKoFriendList" */ = {
			isa = XCConfigurationList;
			buildConfigurations = (
				3D4D4C7B2E90EE7500121DC6 /* Debug */,
				3D4D4C7C2E90EE7500121DC6 /* Release */,
			);
			defaultConfigurationIsVisible = 0;
			defaultConfigurationName = Release;
		};
		3D4D4C782E90EE7500121DC6 /* Build configuration list for PBXNativeTarget "KoKoFriendList" */ = {
			isa = XCConfigurationList;
			buildConfigurations = (
				3D4D4C792E90EE7500121DC6 /* Debug */,
				3D4D4C7A2E90EE7500121DC6 /* Release */,
			);
			defaultConfigurationIsVisible = 0;
			defaultConfigurationName = Release;
		};
		3D4D4C7D2E90EE7500121DC6 /* Build configuration list for PBXNativeTarget "KoKoFriendListTests" */ = {
			isa = XCConfigurationList;
			buildConfigurations = (
				3D4D4C7E2E90EE7500121DC6 /* Debug */,
				3D4D4C7F2E90EE7500121DC6 /* Release */,
			);
			defaultConfigurationIsVisible = 0;
			defaultConfigurationName = Release;
		};
		3D4D4C802E90EE7500121DC6 /* Build configuration list for PBXNativeTarget "KoKoFriendListUITests" */ = {
			isa = XCConfigurationList;
			buildConfigurations = (
				3D4D4C812E90EE7500121DC6 /* Debug */,
				3D4D4C822E90EE7500121DC6 /* Release */,
			);
			defaultConfigurationIsVisible = 0;
			defaultConfigurationName = Release;
		};
/* End XCConfigurationList section */
	};
	rootObject = 3D4D4C472E90EE7300121DC6 /* Project object */;
}
