// !$*UTF8*$!
{
	archiveVersion = 1;
	classes = {
	};
	objectVersion = 77;
	objects = {

/* Begin PBXContainerItemProxy section */
		3D4D4C662E90EE7500121DC6 /* PBXContainerItemProxy */ = {
			isa = PBXContainerItemProxy;
			containerPortal = 3D4D4C472E90EE7300121DC6 /* Project object */;
			proxyType = 1;
			remoteGlobalIDString = 3D4D4C4E2E90EE7300121DC6;
			remoteInfo = KoKoFriendList;
		};
		3D4D4C702E90EE7500121DC6 /* PBXContainerItemProxy */ = {
			isa = PBXContainerItemProxy;
			containerPortal = 3D4D4C472E90EE7300121DC6 /* Project object */;
			proxyType = 1;
			remoteGlobalIDString = 3D4D4C4E2E90EE7300121DC6;
			remoteInfo = KoKoFriendList;
		};
/* End PBXContainerItemProxy section */

/* Begin PBXFileReference section */
		3D4D4C4F2E90EE7300121DC6 /* KoKoFriendList.app */ = {isa = PBXFileReference; explicitFileType = wrapper.application; includeInIndex = 0; path = KoKoFriendList.app; sourceTree = BUILT_PRODUCTS_DIR; };
		3D4D4C652E90EE7500121DC6 /* KoKoFriendListTests.xctest */ = {isa = PBXFileReference; explicitFileType = wrapper.cfbundle; includeInIndex = 0; path = KoKoFriendListTests.xctest; sourceTree = BUILT_PRODUCTS_DIR; };
		3D4D4C6F2E90EE7500121DC6 /* KoKoFriendListUITests.xctest */ = {isa = PBXFileReference; explicitFileType = wrapper.cfbundle; includeInIndex = 0; path = KoKoFriendListUITests.xctest; sourceTree = BUILT_PRODUCTS_DIR; };
/* End PBXFileReference section */

/* Begin PBXFileSystemSynchronizedBuildFileExceptionSet section */
		3D4D4C772E90EE7500121DC6 /* Exceptions for "KoKoFriendList" folder in "KoKoFriendList" target */ = {
			isa = PBXFileSystemSynchronizedBuildFileExceptionSet;
			membershipExceptions = (
				Info.plist,
			);
			target = 3D4D4C4E2E90EE7300121DC6 /* KoKoFriendList */;
		};
/* End PBXFileSystemSynchronizedBuildFileExceptionSet section */

/* Begin PBXFileSystemSynchronizedRootGroup section */
		3D4D4C512E90EE7300121DC6 /* KoKoFriendList */ = {
			isa = PBXFileSystemSynchronizedRootGroup;
			exceptions = (
				3D4D4C772E90EE7500121DC6 /* Exceptions for "KoKoFriendList" folder in "KoKoFriendList" target */,
			);
			path = KoKoFriendList;
			sourceTree = "<group>";
		};
		3D4D4C682E90EE7500121DC6 /* KoKoFriendListTests */ = {
			isa = PBXFileSystemSynchronizedRootGroup;
			path = KoKoFriendListTests;
			sourceTree = "<group>";
		};
		3D4D4C722E90EE7500121DC6 /* KoKoFriendListUITests */ = {
			isa = PBXFileSystemSynchronizedRootGroup;
			path = KoKoFriendListUITests;
			sourceTree = "<group>";
		};
/* End PBXFileSystemSynchronizedRootGroup section */

/* Begin PBXFrameworksBuildPhase section */
		3D4D4C4C2E90EE7300121DC6 /* Frameworks */ = {
			isa = PBXFrameworksBuildPhase;
			buildActionMask = 2147483647;
			files = (
			);
			runOnlyForDeploymentPostprocessing = 0;
		};
		3D4D4C622E90EE7500121DC6 /* Frameworks */ = {
			isa = PBXFrameworksBuildPhase;
			buildActionMask = 2147483647;
			files = (
			);
			runOnlyForDeploymentPostprocessing = 0;
		};
		3D4D4C6C2E90EE7500121DC6 /* Frameworks */ = {
			isa = PBXFrameworksBuildPhase;
			buildActionMask = 2147483647;
			files = (
			);
			runOnlyForDeploymentPostprocessing = 0;
		};
/* End PBXFrameworksBuildPhase section */

/* Begin PBXGroup section */
		3D4D4C462E90EE7300121DC6 = {
			isa = PBXGroup;
			children = (
				3D4D4C512E90EE7300121DC6 /* KoKoFriendList */,
				3D4D4C682E90EE7500121DC6 /* KoKoFriendListTests */,
				3D4D4C722E90EE7500121DC6 /* KoKoFriendListUITests */,
				3D4D4C502E90EE7300121DC6 /* Products */,
			);
			sourceTree = "<group>";
		};
		3D4D4C502E90EE7300121DC6 /* Products */ = {
			isa = PBXGroup;
			children = (
				3D4D4C4F2E90EE7300121DC6 /* KoKoFriendList.app */,
				3D4D4C652E90EE7500121DC6 /* KoKoFriendListTests.xctest */,
				3D4D4C6F2E90EE7500121DC6 /* KoKoFriendListUITests.xctest */,
			);
			name = Products;
			sourceTree = "<group>";
		};
/* End PBXGroup section */

/* Begin PBXNativeTarget section */
		3D4D4C4E2E90EE7300121DC6 /* KoKoFriendList */ = {
			isa = PBXNativeTarget;
			buildConfigurationList = 3D4D4C782E90EE7500121DC6 /* Build configuration list for PBXNativeTarget "KoKoFriendList" */;
			buildPhases = (
				3D4D4C4B2E90EE7300121DC6 /* Sources */,
				3D4D4C4C2E90EE7300121DC6 /* Frameworks */,
				3D4D4C4D2E90EE7300121DC6 /* Resources */,
			);
			buildRules = (
			);
			dependencies = (
			);
			fileSystemSynchronizedGroups = (
				3D4D4C512E90EE7300121DC6 /* KoKoFriendList */,
			);
			name = KoKoFriendList;
			packageProductDependencies = (
			);
			productName = KoKoFriendList;
			productReference = 3D4D4C4F2E90EE7300121DC6 /* KoKoFriendList.app */;
			productType = "com.apple.product-type.application";
		};
		3D4D4C642E90EE7500121DC6 /* KoKoFriendListTests */ = {
			isa = PBXNativeTarget;
			buildConfigurationList = 3D4D4C7D2E90EE7500121DC6 /* Build configuration list for PBXNativeTarget "KoKoFriendListTests" */;
			buildPhases = (
				3D4D4C612E90EE7500121DC6 /* Sources */,
				3D4D4C622E90EE7500121DC6 /* Frameworks */,
				3D4D4C632E90EE7500121DC6 /* Resources */,
			);
			buildRules = (
			);
			dependencies = (
				3D4D4C672E90EE7500121DC6 /* PBXTargetDependency */,
			);
			fileSystemSynchronizedGroups = (
				3D4D4C682E90EE7500121DC6 /* KoKoFriendListTests */,
			);
			name = KoKoFriendListTests;
			packageProductDependencies = (
			);
			productName = KoKoFriendListTests;
			productReference = 3D4D4C652E90EE7500121DC6 /* KoKoFriendListTests.xctest */;
			productType = "com.apple.product-type.bundle.unit-test";
		};
		3D4D4C6E2E90EE7500121DC6 /* KoKoFriendListUITests */ = {
			isa = PBXNativeTarget;
			buildConfigurationList = 3D4D4C802E90EE7500121DC6 /* Build configuration list for PBXNativeTarget "KoKoFriendListUITests" */;
			buildPhases = (
				3D4D4C6B2E90EE7500121DC6 /* Sources */,
				3D4D4C6C2E90EE7500121DC6 /* Frameworks */,
				3D4D4C6D2E90EE7500121DC6 /* Resources */,
			);
			buildRules = (
			);
			dependencies = (
				3D4D4C712E90EE7500121DC6 /* PBXTargetDependency */,
			);
			fileSystemSynchronizedGroups = (
				3D4D4C722E90EE7500121DC6 /* KoKoFriendListUITests */,
			);
			name = KoKoFriendListUITests;
			packageProductDependencies = (
			);
			productName = KoKoFriendListUITests;
			productReference = 3D4D4C6F2E90EE7500121DC6 /* KoKoFriendListUITests.xctest */;
			productType = "com.apple.product-type.bundle.ui-testing";
		};
/* End PBXNativeTarget section */

/* Begin PBXProject section */
		3D4D4C472E90EE7300121DC6 /* Project object */ = {
			isa = PBXProject;
			attributes = {
				BuildIndependentTargetsInParallel = 1;
				LastSwiftUpdateCheck = 2600;
				LastUpgradeCheck = 2600;
				TargetAttributes = {
					3D4D4C4E2E90EE7300121DC6 = {
						CreatedOnToolsVersion = 26.0.1;
					};
					3D4D4C642E90EE7500121DC6 = {
						CreatedOnToolsVersion = 26.0.1;
						TestTargetID = 3D4D4C4E2E90EE7300121DC6;
					};
					3D4D4C6E2E90EE7500121DC6 = {
						CreatedOnToolsVersion = 26.0.1;
						TestTargetID = 3D4D4C4E2E90EE7300121DC6;
					};
				};
			};
			buildConfigurationList = 3D4D4C4A2E90EE7300121DC6 /* Build configuration list for PBXProject "KoKoFriendList" */;
			developmentRegion = en;
			hasScannedForEncodings = 0;
			knownRegions = (
				en,
				Base,
			);
			mainGroup = 3D4D4C462E90EE7300121DC6;
			minimizedProjectReferenceProxies = 1;
			preferredProjectObjectVersion = 77;
			productRefGroup = 3D4D4C502E90EE7300121DC6 /* Products */;
			projectDirPath = "";
			projectRoot = "";
			targets = (
				3D4D4C4E2E90EE7300121DC6 /* KoKoFriendList */,
				3D4D4C642E90EE7500121DC6 /* KoKoFriendListTests */,
				3D4D4C6E2E90EE7500121DC6 /* KoKoFriendListUITests */,
			);
		};
/* End PBXProject section */

/* Begin PBXResourcesBuildPhase section */
		3D4D4C4D2E90EE7300121DC6 /* Resources */ = {
			isa = PBXResourcesBuildPhase;
			buildActionMask = 2147483647;
			files = (
			);
			runOnlyForDeploymentPostprocessing = 0;
		};
		3D4D4C632E90EE7500121DC6 /* Resources */ = {
			isa = PBXResourcesBuildPhase;
			buildActionMask = 2147483647;
			files = (
			);
			runOnlyForDeploymentPostprocessing = 0;
		};
		3D4D4C6D2E90EE7500121DC6 /* Resources */ = {
			isa = PBXResourcesBuildPhase;
			buildActionMask = 2147483647;
			files = (
			);
			runOnlyForDeploymentPostprocessing = 0;
		};
/* End PBXResourcesBuildPhase section */

/* Begin PBXSourcesBuildPhase section */
		3D4D4C4B2E90EE7300121DC6 /* Sources */ = {
			isa = PBXSourcesBuildPhase;
			buildActionMask = 2147483647;
			files = (
			);
			runOnlyForDeploymentPostprocessing = 0;
		};
		3D4D4C612E90EE7500121DC6 /* Sources */ = {
			isa = PBXSourcesBuildPhase;
			buildActionMask = 2147483647;
			files = (
			);
			runOnlyForDeploymentPostprocessing = 0;
		};
		3D4D4C6B2E90EE7500121DC6 /* Sources */ = {
			isa = PBXSourcesBuildPhase;
			buildActionMask = 2147483647;
			files = (
			);
			runOnlyForDeploymentPostprocessing = 0;
		};
/* End PBXSourcesBuildPhase section */

/* Begin PBXTargetDependency section */
		3D4D4C672E90EE7500121DC6 /* PBXTargetDependency */ = {
			isa = PBXTargetDependency;
			target = 3D4D4C4E2E90EE7300121DC6 /* KoKoFriendList */;
			targetProxy = 3D4D4C662E90EE7500121DC6 /* PBXContainerItemProxy */;
		};
		3D4D4C712E90EE7500121DC6 /* PBXTargetDependency */ = {
			isa = PBXTargetDependency;
			target = 3D4D4C4E2E90EE7300121DC6 /* KoKoFriendList */;
			targetProxy = 3D4D4C702E90EE7500121DC6 /* PBXContainerItemProxy */;
		};
/* End PBXTargetDependency section */

/* Begin XCBuildConfiguration section */
		3D4D4C792E90EE7500121DC6 /* Debug */ = {
			isa = XCBuildConfiguration;
			buildSettings = {
				ASSETCATALOG_COMPILER_APPICON_NAME = AppIcon;
				ASSETCATALOG_COMPILER_GLOBAL_ACCENT_COLOR_NAME = AccentColor;
				CODE_SIGN_STYLE = Automatic;
				CURRENT_PROJECT_VERSION = 1;
				DEVELOPMENT_TEAM = 376L64R996;
				GENERATE_INFOPLIST_FILE = YES;
				INFOPLIST_FILE = KoKoFriendList/Info.plist;
				INFOPLIST_KEY_UIApplicationSupportsIndirectInputEvents = YES;
				INFOPLIST_KEY_UILaunchStoryboardName = LaunchScreen;
				INFOPLIST_KEY_UIMainStoryboardFile = Main;
				INFOPLIST_KEY_UISupportedInterfaceOrientations_iPad = "UIInterfaceOrientationPortrait UIInterfaceOrientationPortraitUpsideDown UIInterfaceOrientationLandscapeLeft UIInterfaceOrientationLandscapeRight";
				INFOPLIST_KEY_UISupportedInterfaceOrientations_iPhone = "UIInterfaceOrientationPortrait UIInterfaceOrientationLandscapeLeft UIInterfaceOrientationLandscapeRight";
				LD_RUNPATH_SEARCH_PATHS = (
					"$(inherited)",
					"@executable_path/Frameworks",
				);
				MARKETING_VERSION = 1.0;
				PRODUCT_BUNDLE_IDENTIFIER = YIhunag.FriendList.KoKoFriendList;
				PRODUCT_NAME = "$(TARGET_NAME)";
				STRING_CATALOG_GENERATE_SYMBOLS = YES;
				SWIFT_APPROACHABLE_CONCURRENCY = YES;
				SWIFT_DEFAULT_ACTOR_ISOLATION = MainActor;
				SWIFT_EMIT_LOC_STRINGS = YES;
				SWIFT_UPCOMING_FEATURE_MEMBER_IMPORT_VISIBILITY = YES;
				SWIFT_VERSION = 5.0;
				TARGETED_DEVICE_FAMILY = "1,2";
			};
			name = Debug;
		};
		3D4D4C7A2E90EE7500121DC6 /* Release */ = {
			isa = XCBuildConfiguration;
			buildSettings = {
				ASSETCATALOG_COMPILER_APPICON_NAME = AppIcon;
				ASSETCATALOG_COMPILER_GLOBAL_ACCENT_COLOR_NAME = AccentColor;
				CODE_SIGN_STYLE = Automatic;
				CURRENT_PROJECT_VERSION = 1;
				DEVELOPMENT_TEAM = 376L64R996;
				GENERATE_INFOPLIST_FILE = YES;
				INFOPLIST_FILE = KoKoFriendList/Info.plist;
				INFOPLIST_KEY_UIApplicationSupportsIndirectInputEvents = YES;
				INFOPLIST_KEY_UILaunchStoryboardName = LaunchScreen;
				INFOPLIST_KEY_UIMainStoryboardFile = Main;
				INFOPLIST_KEY_UISupportedInterfaceOrientations_iPad = "UIInterfaceOrientationPortrait UIInterfaceOrientationPortraitUpsideDown UIInterfaceOrientationLandscapeLeft UIInterfaceOrientationLandscapeRight";
				INFOPLIST_KEY_UISupportedInterfaceOrientations_iPhone = "UIInterfaceOrientationPortrait UIInterfaceOrientationLandscapeLeft UIInterfaceOrientationLandscapeRight";
				LD_RUNPATH_SEARCH_PATHS = (
					"$(inherited)",
					"@executable_path/Frameworks",
				);
				MARKETING_VERSION = 1.0;
				PRODUCT_BUNDLE_IDENTIFIER = YIhunag.FriendList.KoKoFriendList;
				PRODUCT_NAME = "$(TARGET_NAME)";
				STRING_CATALOG_GENERATE_SYMBOLS = YES;
				SWIFT_APPROACHABLE_CONCURRENCY = YES;
				SWIFT_DEFAULT_ACTOR_ISOLATION = MainActor;
				SWIFT_EMIT_LOC_STRINGS = YES;
				SWIFT_UPCOMING_FEATURE_MEMBER_IMPORT_VISIBILITY = YES;
				SWIFT_VERSION = 5.0;
				TARGETED_DEVICE_FAMILY = "1,2";
			};
			name = Release;
		};
		3D4D4C7B2E90EE7500121DC6 /* Debug */ = {
			isa = XCBuildConfiguration;
			buildSettings = {
				ALWAYS_SEARCH_USER_PATHS = NO;
				ASSETCATALOG_COMPILER_GENERATE_SWIFT_ASSET_SYMBOL_EXTENSIONS = YES;
				CLANG_ANALYZER_NONNULL = YES;
				CLANG_ANALYZER_NUMBER_OBJECT_CONVERSION = YES_AGGRESSIVE;
				CLANG_CXX_LANGUAGE_STANDARD = "gnu++20";
				CLANG_ENABLE_MODULES = YES;
				CLANG_ENABLE_OBJC_ARC = YES;
				CLANG_ENABLE_OBJC_WEAK = YES;
				CLANG_WARN_BLOCK_CAPTURE_AUTORELEASING = YES;
				CLANG_WARN_BOOL_CONVERSION = YES;
				CLANG_WARN_COMMA = YES;
				CLANG_WARN_CONSTANT_CONVERSION = YES;
				CLANG_WARN_DEPRECATED_OBJC_IMPLEMENTATIONS = YES;
				CLANG_WARN_DIRECT_OBJC_ISA_USAGE = YES_ERROR;
				CLANG_WARN_DOCUMENTATION_COMMENTS = YES;
				CLANG_WARN_EMPTY_BODY = YES;
				CLANG_WARN_ENUM_CONVERSION = YES;
				CLANG_WARN_INFINITE_RECURSION = YES;
				CLANG_WARN_INT_CONVERSION = YES;
				CLANG_WARN_NON_LITERAL_NULL_CONVERSION = YES;
				CLANG_WARN_OBJC_IMPLICIT_RETAIN_SELF = YES;
				CLANG_WARN_OBJC_LITERAL_CONVERSION = YES;
				CLANG_WARN_OBJC_ROOT_CLASS = YES_ERROR;
				CLANG_WARN_QUOTED_INCLUDE_IN_FRAMEWORK_HEADER = YES;
				CLANG_WARN_RANGE_LOOP_ANALYSIS = YES;
				CLANG_WARN_STRICT_PROTOTYPES = YES;
				CLANG_WARN_SUSPICIOUS_MOVE = YES;
				CLANG_WARN_UNGUARDED_AVAILABILITY = YES_AGGRESSIVE;
				CLANG_WARN_UNREACHABLE_CODE = YES;
				CLANG_WARN__DUPLICATE_METHOD_MATCH = YES;
				COPY_PHASE_STRIP = NO;
				DEBUG_INFORMATION_FORMAT = dwarf;
				DEVELOPMENT_TEAM = 376L64R996;
				ENABLE_STRICT_OBJC_MSGSEND = YES;
				ENABLE_TESTABILITY = YES;
				ENABLE_USER_SCRIPT_SANDBOXING = YES;
				GCC_C_LANGUAGE_STANDARD = gnu17;
				GCC_DYNAMIC_NO_PIC = NO;
				GCC_NO_COMMON_BLOCKS = YES;
				GCC_OPTIMIZATION_LEVEL = 0;
				GCC_PREPROCESSOR_DEFINITIONS = (
					"DEBUG=1",
					"$(inherited)",
				);
				GCC_WARN_64_TO_32_BIT_CONVERSION = YES;
				GCC_WARN_ABOUT_RETURN_TYPE = YES_ERROR;
				GCC_WARN_UNDECLARED_SELECTOR = YES;
				GCC_WARN_UNINITIALIZED_AUTOS = YES_AGGRESSIVE;
				GCC_WARN_UNUSED_FUNCTION = YES;
				GCC_WARN_UNUSED_VARIABLE = YES;
				IPHONEOS_DEPLOYMENT_TARGET = 26.0;
				LOCALIZATION_PREFERS_STRING_CATALOGS = YES;
				MTL_ENABLE_DEBUG_INFO = INCLUDE_SOURCE;
				MTL_FAST_MATH = YES;
				ONLY_ACTIVE_ARCH = YES;
				SDKROOT = iphoneos;
				SWIFT_ACTIVE_COMPILATION_CONDITIONS = "DEBUG $(inherited)";
				SWIFT_OPTIMIZATION_LEVEL = "-Onone";
			};
			name = Debug;
		};
		3D4D4C7C2E90EE7500121DC6 /* Release */ = {
			isa = XCBuildConfiguration;
			buildSettings = {
				ALWAYS_SEARCH_USER_PATHS = NO;
				ASSETCATALOG_COMPILER_GENERATE_SWIFT_ASSET_SYMBOL_EXTENSIONS = YES;
				CLANG_ANALYZER_NONNULL = YES;
				CLANG_ANALYZER_NUMBER_OBJECT_CONVERSION = YES_AGGRESSIVE;
				CLANG_CXX_LANGUAGE_STANDARD = "gnu++20";
				CLANG_ENABLE_MODULES = YES;
				CLANG_ENABLE_OBJC_ARC = YES;
				CLANG_ENABLE_OBJC_WEAK = YES;
				CLANG_WARN_BLOCK_CAPTURE_AUTORELEASING = YES;
				CLANG_WARN_BOOL_CONVERSION = YES;
				CLANG_WARN_COMMA = YES;
				CLANG_WARN_CONSTANT_CONVERSION = YES;
				CLANG_WARN_DEPRECATED_OBJC_IMPLEMENTATIONS = YES;
				CLANG_WARN_DIRECT_OBJC_ISA_USAGE = YES_ERROR;
				CLANG_WARN_DOCUMENTATION_COMMENTS = YES;
				CLANG_WARN_EMPTY_BODY = YES;
				CLANG_WARN_ENUM_CONVERSION = YES;
				CLANG_WARN_INFINITE_RECURSION = YES;
				CLANG_WARN_INT_CONVERSION = YES;
				CLANG_WARN_NON_LITERAL_NULL_CONVERSION = YES;
				CLANG_WARN_OBJC_IMPLICIT_RETAIN_SELF = YES;
				CLANG_WARN_OBJC_LITERAL_CONVERSION = YES;
				CLANG_WARN_OBJC_ROOT_CLASS = YES_ERROR;
				CLANG_WARN_QUOTED_INCLUDE_IN_FRAMEWORK_HEADER = YES;
				CLANG_WARN_RANGE_LOOP_ANALYSIS = YES;
				CLANG_WARN_STRICT_PROTOTYPES = YES;
				CLANG_WARN_SUSPICIOUS_MOVE = YES;
				CLANG_WARN_UNGUARDED_AVAILABILITY = YES_AGGRESSIVE;
				CLANG_WARN_UNREACHABLE_CODE = YES;
				CLANG_WARN__DUPLICATE_METHOD_MATCH = YES;
				COPY_PHASE_STRIP = NO;
				DEBUG_INFORMATION_FORMAT = "dwarf-with-dsym";
				DEVELOPMENT_TEAM = 376L64R996;
				ENABLE_NS_ASSERTIONS = NO;
				ENABLE_STRICT_OBJC_MSGSEND = YES;
				ENABLE_USER_SCRIPT_SANDBOXING = YES;
				GCC_C_LANGUAGE_STANDARD = gnu17;
				GCC_NO_COMMON_BLOCKS = YES;
				GCC_WARN_64_TO_32_BIT_CONVERSION = YES;
				GCC_WARN_ABOUT_RETURN_TYPE = YES_ERROR;
				GCC_WARN_UNDECLARED_SELECTOR = YES;
				GCC_WARN_UNINITIALIZED_AUTOS = YES_AGGRESSIVE;
				GCC_WARN_UNUSED_FUNCTION = YES;
				GCC_WARN_UNUSED_VARIABLE = YES;
				IPHONEOS_DEPLOYMENT_TARGET = 26.0;
				LOCALIZATION_PREFERS_STRING_CATALOGS = YES;
				MTL_ENABLE_DEBUG_INFO = NO;
				MTL_FAST_MATH = YES;
				SDKROOT = iphoneos;
				SWIFT_COMPILATION_MODE = wholemodule;
				VALIDATE_PRODUCT = YES;
			};
			name = Release;
		};
		3D4D4C7E2E90EE7500121DC6 /* Debug */ = {
			isa = XCBuildConfiguration;
			buildSettings = {
				BUNDLE_LOADER = "$(TEST_HOST)";
				CODE_SIGN_STYLE = Automatic;
				CURRENT_PROJECT_VERSION = 1;
				DEVELOPMENT_TEAM = 376L64R996;
				GENERATE_INFOPLIST_FILE = YES;
				IPHONEOS_DEPLOYMENT_TARGET = 26.0;
				MARKETING_VERSION = 1.0;
				PRODUCT_BUNDLE_IDENTIFIER = YIhunag.FriendList.KoKoFriendListTests;
				PRODUCT_NAME = "$(TARGET_NAME)";
				STRING_CATALOG_GENERATE_SYMBOLS = NO;
				SWIFT_APPROACHABLE_CONCURRENCY = YES;
				SWIFT_EMIT_LOC_STRINGS = NO;
				SWIFT_UPCOMING_FEATURE_MEMBER_IMPORT_VISIBILITY = YES;
				SWIFT_VERSION = 5.0;
				TARGETED_DEVICE_FAMILY = "1,2";
				TEST_HOST = "$(BUILT_PRODUCTS_DIR)/KoKoFriendList.app/$(BUNDLE_EXECUTABLE_FOLDER_PATH)/KoKoFriendList";
			};
			name = Debug;
		};
		3D4D4C7F2E90EE7500121DC6 /* Release */ = {
			isa = XCBuildConfiguration;
			buildSettings = {
				BUNDLE_LOADER = "$(TEST_HOST)";
				CODE_SIGN_STYLE = Automatic;
				CURRENT_PROJECT_VERSION = 1;
				DEVELOPMENT_TEAM = 376L64R996;
				GENERATE_INFOPLIST_FILE = YES;
				IPHONEOS_DEPLOYMENT_TARGET = 26.0;
				MARKETING_VERSION = 1.0;
				PRODUCT_BUNDLE_IDENTIFIER = YIhunag.FriendList.KoKoFriendListTests;
				PRODUCT_NAME = "$(TARGET_NAME)";
				STRING_CATALOG_GENERATE_SYMBOLS = NO;
				SWIFT_APPROACHABLE_CONCURRENCY = YES;
				SWIFT_EMIT_LOC_STRINGS = NO;
				SWIFT_UPCOMING_FEATURE_MEMBER_IMPORT_VISIBILITY = YES;
				SWIFT_VERSION = 5.0;
				TARGETED_DEVICE_FAMILY = "1,2";
				TEST_HOST = "$(BUILT_PRODUCTS_DIR)/KoKoFriendList.app/$(BUNDLE_EXECUTABLE_FOLDER_PATH)/KoKoFriendList";
			};
			name = Release;
		};
		3D4D4C812E90EE7500121DC6 /* Debug */ = {
			isa = XCBuildConfiguration;
			buildSettings = {
				CODE_SIGN_STYLE = Automatic;
				CURRENT_PROJECT_VERSION = 1;
				DEVELOPMENT_TEAM = 376L64R996;
				GENERATE_INFOPLIST_FILE = YES;
				MARKETING_VERSION = 1.0;
				PRODUCT_BUNDLE_IDENTIFIER = YIhunag.FriendList.KoKoFriendListUITests;
				PRODUCT_NAME = "$(TARGET_NAME)";
				STRING_CATALOG_GENERATE_SYMBOLS = NO;
				SWIFT_APPROACHABLE_CONCURRENCY = YES;
				SWIFT_EMIT_LOC_STRINGS = NO;
				SWIFT_UPCOMING_FEATURE_MEMBER_IMPORT_VISIBILITY = YES;
				SWIFT_VERSION = 5.0;
				TARGETED_DEVICE_FAMILY = "1,2";
				TEST_TARGET_NAME = KoKoFriendList;
			};
			name = Debug;
		};
		3D4D4C822E90EE7500121DC6 /* Release */ = {
			isa = XCBuildConfiguration;
			buildSettings = {
				CODE_SIGN_STYLE = Automatic;
				CURRENT_PROJECT_VERSION = 1;
				DEVELOPMENT_TEAM = 376L64R996;
				GENERATE_INFOPLIST_FILE = YES;
				MARKETING_VERSION = 1.0;
				PRODUCT_BUNDLE_IDENTIFIER = YIhunag.FriendList.KoKoFriendListUITests;
				PRODUCT_NAME = "$(TARGET_NAME)";
				STRING_CATALOG_GENERATE_SYMBOLS = NO;
				SWIFT_APPROACHABLE_CONCURRENCY = YES;
				SWIFT_EMIT_LOC_STRINGS = NO;
				SWIFT_UPCOMING_FEATURE_MEMBER_IMPORT_VISIBILITY = YES;
				SWIFT_VERSION = 5.0;
				TARGETED_DEVICE_FAMILY = "1,2";
				TEST_TARGET_NAME = KoKoFriendList;
			};
			name = Release;
		};
/* End XCBuildConfiguration section */

/* Begin XCConfigurationList section */
		3D4D4C4A2E90EE7300121DC6 /* Build configuration list for PBXProject "KoKoFriendList" */ = {
			isa = XCConfigurationList;
			buildConfigurations = (
				3D4D4C7B2E90EE7500121DC6 /* Debug */,
				3D4D4C7C2E90EE7500121DC6 /* Release */,
			);
			defaultConfigurationIsVisible = 0;
			defaultConfigurationName = Release;
		};
		3D4D4C782E90EE7500121DC6 /* Build configuration list for PBXNativeTarget "KoKoFriendList" */ = {
			isa = XCConfigurationList;
			buildConfigurations = (
				3D4D4C792E90EE7500121DC6 /* Debug */,
				3D4D4C7A2E90EE7500121DC6 /* Release */,
			);
			defaultConfigurationIsVisible = 0;
			defaultConfigurationName = Release;
		};
		3D4D4C7D2E90EE7500121DC6 /* Build configuration list for PBXNativeTarget "KoKoFriendListTests" */ = {
			isa = XCConfigurationList;
			buildConfigurations = (
				3D4D4C7E2E90EE7500121DC6 /* Debug */,
				3D4D4C7F2E90EE7500121DC6 /* Release */,
			);
			defaultConfigurationIsVisible = 0;
			defaultConfigurationName = Release;
		};
		3D4D4C802E90EE7500121DC6 /* Build configuration list for PBXNativeTarget "KoKoFriendListUITests" */ = {
			isa = XCConfigurationList;
			buildConfigurations = (
				3D4D4C812E90EE7500121DC6 /* Debug */,
				3D4D4C822E90EE7500121DC6 /* Release */,
			);
			defaultConfigurationIsVisible = 0;
			defaultConfigurationName = Release;
		};
/* End XCConfigurationList section */
	};
	rootObject = 3D4D4C472E90EE7300121DC6 /* Project object */;
}
